// !$*UTF8*$!
{
	archiveVersion = 1;
	classes = {
	};
	objectVersion = 55;
	objects = {

/* Begin PBXBuildFile section */
		2601156B285280CA00BB2C48 /* SuporteViewController.swift in Sources */ = {isa = PBXBuildFile; fileRef = 2601156A285280CA00BB2C48 /* SuporteViewController.swift */; };
		267CC25328820B0500A7535A /* GoogleService-Info.plist in Resources */ = {isa = PBXBuildFile; fileRef = 267CC25228820B0500A7535A /* GoogleService-Info.plist */; };
		26F148372852A46000128396 /* EditarAmigoViewController.swift in Sources */ = {isa = PBXBuildFile; fileRef = 26F148362852A46000128396 /* EditarAmigoViewController.swift */; };
		49D71286284E827200C42519 /* LoginViewController.swift in Sources */ = {isa = PBXBuildFile; fileRef = 49D71285284E827200C42519 /* LoginViewController.swift */; };
		49D71288284E828700C42519 /* RegisterViewController.swift in Sources */ = {isa = PBXBuildFile; fileRef = 49D71287284E828700C42519 /* RegisterViewController.swift */; };
		608D58F0039445F5A69A4139 /* Pods_AdoCao.framework in Frameworks */ = {isa = PBXBuildFile; fileRef = 0CE5B1572EB627208C166CEA /* Pods_AdoCao.framework */; };
		6D1E4E7128843C2A00B43C69 /* UserFavorites.swift in Sources */ = {isa = PBXBuildFile; fileRef = 6D1E4E6B28843C2900B43C69 /* UserFavorites.swift */; };
		6D1E4E7228843C2A00B43C69 /* Friends.swift in Sources */ = {isa = PBXBuildFile; fileRef = 6D1E4E6C28843C2900B43C69 /* Friends.swift */; };
		6D1E4E7328843C2A00B43C69 /* SystemUser.swift in Sources */ = {isa = PBXBuildFile; fileRef = 6D1E4E6D28843C2A00B43C69 /* SystemUser.swift */; };
		6D1E4E7428843C2A00B43C69 /* SystemUserProperties.swift in Sources */ = {isa = PBXBuildFile; fileRef = 6D1E4E6E28843C2A00B43C69 /* SystemUserProperties.swift */; };
		6D1E4E7528843C2A00B43C69 /* UserFavoritesProperties.swift in Sources */ = {isa = PBXBuildFile; fileRef = 6D1E4E6F28843C2A00B43C69 /* UserFavoritesProperties.swift */; };
		6D1E4E7628843C2A00B43C69 /* FriendsProperties.swift in Sources */ = {isa = PBXBuildFile; fileRef = 6D1E4E7028843C2A00B43C69 /* FriendsProperties.swift */; };
		6D1E4E7928843FF800B43C69 /* Breed.swift in Sources */ = {isa = PBXBuildFile; fileRef = 6D1E4E7728843FF800B43C69 /* Breed.swift */; };
		6D1E4E7A28843FF900B43C69 /* BreedProperties.swift in Sources */ = {isa = PBXBuildFile; fileRef = 6D1E4E7828843FF800B43C69 /* BreedProperties.swift */; };
		6D2549092881C36400F10640 /* FavoritoRequest.swift in Sources */ = {isa = PBXBuildFile; fileRef = 6D2549082881C36400F10640 /* FavoritoRequest.swift */; };
		6D25490B2881C4BB00F10640 /* UsuarioResponse.swift in Sources */ = {isa = PBXBuildFile; fileRef = 6D25490A2881C4BB00F10640 /* UsuarioResponse.swift */; };
		6D25490D2881C51200F10640 /* AmigoParaAdocaoResponse.swift in Sources */ = {isa = PBXBuildFile; fileRef = 6D25490C2881C51200F10640 /* AmigoParaAdocaoResponse.swift */; };
		6D25490F2881E3E700F10640 /* UsuarioRequest.swift in Sources */ = {isa = PBXBuildFile; fileRef = 6D25490E2881E3E700F10640 /* UsuarioRequest.swift */; };
		6D2549112881E47400F10640 /* AmigoParaAdocaoRequest.swift in Sources */ = {isa = PBXBuildFile; fileRef = 6D2549102881E47400F10640 /* AmigoParaAdocaoRequest.swift */; };
		6D2549132881E84300F10640 /* LoginRequest.swift in Sources */ = {isa = PBXBuildFile; fileRef = 6D2549122881E84300F10640 /* LoginRequest.swift */; };
		6D2549152881E90A00F10640 /* LoginResponse.swift in Sources */ = {isa = PBXBuildFile; fileRef = 6D2549142881E90A00F10640 /* LoginResponse.swift */; };
		6D2549172881F1B100F10640 /* FailureResponse.swift in Sources */ = {isa = PBXBuildFile; fileRef = 6D2549162881F1B100F10640 /* FailureResponse.swift */; };
		6D2549192882015500F10640 /* Amigo.swift in Sources */ = {isa = PBXBuildFile; fileRef = 6D2549182882015500F10640 /* Amigo.swift */; };
		6D25491B2882019A00F10640 /* Raca.swift in Sources */ = {isa = PBXBuildFile; fileRef = 6D25491A2882019A00F10640 /* Raca.swift */; };
		6D25491D288201F700F10640 /* Usuario.swift in Sources */ = {isa = PBXBuildFile; fileRef = 6D25491C288201F700F10640 /* Usuario.swift */; };
		6D281EC4287247700099A412 /* UIViewControllerExtension.swift in Sources */ = {isa = PBXBuildFile; fileRef = 6D281EC3287247700099A412 /* UIViewControllerExtension.swift */; };
		6D281EC6287248F80099A412 /* UIImageViewExtension.swift in Sources */ = {isa = PBXBuildFile; fileRef = 6D281EC5287248F80099A412 /* UIImageViewExtension.swift */; };
		6D2844332875D4BA00DCCEAD /* Service.swift in Sources */ = {isa = PBXBuildFile; fileRef = 6D2844322875D4BA00DCCEAD /* Service.swift */; };
		6D2C71B42877AA0400D237E1 /* UITableViewCellExtension.swift in Sources */ = {isa = PBXBuildFile; fileRef = 6D2C71B32877AA0400D237E1 /* UITableViewCellExtension.swift */; };
		6D2C71B62877CB5400D237E1 /* Local.swift in Sources */ = {isa = PBXBuildFile; fileRef = 6D2C71B52877CB5400D237E1 /* Local.swift */; };
		6D2C71BC2878D99300D237E1 /* UICollectionViewCellExtension.swift in Sources */ = {isa = PBXBuildFile; fileRef = 6D2C71BB2878D99300D237E1 /* UICollectionViewCellExtension.swift */; };
		6D3DE88C285692EC00F7B58E /* BoasVindasViewController.swift in Sources */ = {isa = PBXBuildFile; fileRef = 6D3DE88B285692EC00F7B58E /* BoasVindasViewController.swift */; };
		6D3DE8D22858BF5200F7B58E /* BoasVindasViewModel.swift in Sources */ = {isa = PBXBuildFile; fileRef = 6D3DE8D12858BF5200F7B58E /* BoasVindasViewModel.swift */; };
		6D66293D284D6B8100D4195F /* DetalhesUsuarioViewController.swift in Sources */ = {isa = PBXBuildFile; fileRef = 6D66293C284D6B8100D4195F /* DetalhesUsuarioViewController.swift */; };
		6D66293F284D6BAC00D4195F /* DetalhesUsuarioViewModel.swift in Sources */ = {isa = PBXBuildFile; fileRef = 6D66293E284D6BAC00D4195F /* DetalhesUsuarioViewModel.swift */; };
		6D66298A28500C8C00D4195F /* RacaViewController.swift in Sources */ = {isa = PBXBuildFile; fileRef = 6D66298928500C8A00D4195F /* RacaViewController.swift */; };
		6D66298C28500FE900D4195F /* RacasViewModel.swift in Sources */ = {isa = PBXBuildFile; fileRef = 6D66298B28500FE900D4195F /* RacasViewModel.swift */; };
		6D66298E285015AD00D4195F /* DetalhesRacaViewModel.swift in Sources */ = {isa = PBXBuildFile; fileRef = 6D66298D285015AD00D4195F /* DetalhesRacaViewModel.swift */; };
		6D6629922851074600D4195F /* EditarUsuarioViewController.swift in Sources */ = {isa = PBXBuildFile; fileRef = 6D6629912851074600D4195F /* EditarUsuarioViewController.swift */; };
		6D6629942851082500D4195F /* EditarUsuarioViewModel.swift in Sources */ = {isa = PBXBuildFile; fileRef = 6D6629932851082500D4195F /* EditarUsuarioViewModel.swift */; };
		6D77118928877ECE009D141D /* EnvioImagemResponse.swift in Sources */ = {isa = PBXBuildFile; fileRef = 6D77118828877ECE009D141D /* EnvioImagemResponse.swift */; };
		6D9CE2962888882B008DF1AE /* CadastrarAmigoViewModel.swift in Sources */ = {isa = PBXBuildFile; fileRef = 6D9CE2952888882B008DF1AE /* CadastrarAmigoViewModel.swift */; };
		6DB9E78828690DDC00C0B791 /* LoginViewModel.swift in Sources */ = {isa = PBXBuildFile; fileRef = 6DB9E78728690DDC00C0B791 /* LoginViewModel.swift */; };
		6DB9E78A2869243A00C0B791 /* RegistroViewModel.swift in Sources */ = {isa = PBXBuildFile; fileRef = 6DB9E7892869243A00C0B791 /* RegistroViewModel.swift */; };
		6DCADC38286E46CB00E61541 /* UIViewExtension.swift in Sources */ = {isa = PBXBuildFile; fileRef = 6DCADC37286E46CB00E61541 /* UIViewExtension.swift */; };
		6DE7C4CF288B1BA200198E1C /* LoginService.swift in Sources */ = {isa = PBXBuildFile; fileRef = 6DE7C4CE288B1BA100198E1C /* LoginService.swift */; };
		6DEBFCD52854D79500906023 /* FavoritoCollectionViewCell.swift in Sources */ = {isa = PBXBuildFile; fileRef = 6DEBFCD42854D79500906023 /* FavoritoCollectionViewCell.swift */; };
		6DEBFCD92854D81000906023 /* FavoritosViewController.swift in Sources */ = {isa = PBXBuildFile; fileRef = 6DEBFCD82854D81000906023 /* FavoritosViewController.swift */; };
		6DEBFCDB2854DCD900906023 /* FavoritosViewModel.swift in Sources */ = {isa = PBXBuildFile; fileRef = 6DEBFCDA2854DCD900906023 /* FavoritosViewModel.swift */; };
		6DEBFCE02855787B00906023 /* FavoritoCellViewModel.swift in Sources */ = {isa = PBXBuildFile; fileRef = 6DEBFCDF2855787B00906023 /* FavoritoCellViewModel.swift */; };
		C02B5044284BB87400888A1C /* ListarAmigosCustomCell.swift in Sources */ = {isa = PBXBuildFile; fileRef = C02B503E284BB87400888A1C /* ListarAmigosCustomCell.swift */; };
		C02B5045284BB87400888A1C /* ListarAmigosCustomCellViewModel.swift in Sources */ = {isa = PBXBuildFile; fileRef = C02B503F284BB87400888A1C /* ListarAmigosCustomCellViewModel.swift */; };
		C02B5046284BB87400888A1C /* ListarAmigosParaAdocaoViewController.swift in Sources */ = {isa = PBXBuildFile; fileRef = C02B5040284BB87400888A1C /* ListarAmigosParaAdocaoViewController.swift */; };
		C02B5047284BB87400888A1C /* ListarAmigosViewModel.swift in Sources */ = {isa = PBXBuildFile; fileRef = C02B5041284BB87400888A1C /* ListarAmigosViewModel.swift */; };
		C0975F9C28511D0900029B19 /* DetalheAmigoViewController.swift in Sources */ = {isa = PBXBuildFile; fileRef = C0975F9B28511D0900029B19 /* DetalheAmigoViewController.swift */; };
		C0975F9E2851302800029B19 /* DetalheAmigoViewModel.swift in Sources */ = {isa = PBXBuildFile; fileRef = C0975F9D2851302800029B19 /* DetalheAmigoViewModel.swift */; };
		C0DB9910283FE3EA000ABDA3 /* AppDelegate.swift in Sources */ = {isa = PBXBuildFile; fileRef = C0DB990F283FE3EA000ABDA3 /* AppDelegate.swift */; };
		C0DB9912283FE3EA000ABDA3 /* SceneDelegate.swift in Sources */ = {isa = PBXBuildFile; fileRef = C0DB9911283FE3EA000ABDA3 /* SceneDelegate.swift */; };
		C0DB9917283FE3EA000ABDA3 /* Main.storyboard in Resources */ = {isa = PBXBuildFile; fileRef = C0DB9915283FE3EA000ABDA3 /* Main.storyboard */; };
		C0DB9919283FE3EB000ABDA3 /* Assets.xcassets in Resources */ = {isa = PBXBuildFile; fileRef = C0DB9918283FE3EB000ABDA3 /* Assets.xcassets */; };
		C0DB991C283FE3EB000ABDA3 /* LaunchScreen.storyboard in Resources */ = {isa = PBXBuildFile; fileRef = C0DB991A283FE3EB000ABDA3 /* LaunchScreen.storyboard */; };
		ED68FFB528750ED000A8486E /* adocao.xcdatamodeld in Sources */ = {isa = PBXBuildFile; fileRef = ED68FFB328750ED000A8486E /* adocao.xcdatamodeld */; };
		ED68FFBC2875220B00A8486E /* CoreDataService.swift in Sources */ = {isa = PBXBuildFile; fileRef = ED68FFBB2875220B00A8486E /* CoreDataService.swift */; };
		EDD14A50285150AA0014FDCA /* CadastrarAmigoViewController.swift in Sources */ = {isa = PBXBuildFile; fileRef = EDD14A4F285150AA0014FDCA /* CadastrarAmigoViewController.swift */; };
		EDD14A52285155130014FDCA /* DetalhesRacaViewController.swift in Sources */ = {isa = PBXBuildFile; fileRef = EDD14A51285155130014FDCA /* DetalhesRacaViewController.swift */; };
/* End PBXBuildFile section */

/* Begin PBXFileReference section */
		03B45C910AD5FAB004E484D7 /* Pods-AdoCao.debug.xcconfig */ = {isa = PBXFileReference; includeInIndex = 1; lastKnownFileType = text.xcconfig; name = "Pods-AdoCao.debug.xcconfig"; path = "Target Support Files/Pods-AdoCao/Pods-AdoCao.debug.xcconfig"; sourceTree = "<group>"; };
		0CE5B1572EB627208C166CEA /* Pods_AdoCao.framework */ = {isa = PBXFileReference; explicitFileType = wrapper.framework; includeInIndex = 0; path = Pods_AdoCao.framework; sourceTree = BUILT_PRODUCTS_DIR; };
		2601156A285280CA00BB2C48 /* SuporteViewController.swift */ = {isa = PBXFileReference; lastKnownFileType = sourcecode.swift; path = SuporteViewController.swift; sourceTree = "<group>"; };
		267CC25228820B0500A7535A /* GoogleService-Info.plist */ = {isa = PBXFileReference; fileEncoding = 4; lastKnownFileType = text.plist.xml; path = "GoogleService-Info.plist"; sourceTree = "<group>"; };
		26F148362852A46000128396 /* EditarAmigoViewController.swift */ = {isa = PBXFileReference; lastKnownFileType = sourcecode.swift; path = EditarAmigoViewController.swift; sourceTree = "<group>"; };
		49D71285284E827200C42519 /* LoginViewController.swift */ = {isa = PBXFileReference; lastKnownFileType = sourcecode.swift; path = LoginViewController.swift; sourceTree = "<group>"; };
		49D71287284E828700C42519 /* RegisterViewController.swift */ = {isa = PBXFileReference; lastKnownFileType = sourcecode.swift; path = RegisterViewController.swift; sourceTree = "<group>"; };
		6D1E4E6B28843C2900B43C69 /* UserFavorites.swift */ = {isa = PBXFileReference; fileEncoding = 4; lastKnownFileType = sourcecode.swift; path = UserFavorites.swift; sourceTree = "<group>"; };
		6D1E4E6C28843C2900B43C69 /* Friends.swift */ = {isa = PBXFileReference; fileEncoding = 4; lastKnownFileType = sourcecode.swift; path = Friends.swift; sourceTree = "<group>"; };
		6D1E4E6D28843C2A00B43C69 /* SystemUser.swift */ = {isa = PBXFileReference; fileEncoding = 4; lastKnownFileType = sourcecode.swift; path = SystemUser.swift; sourceTree = "<group>"; };
		6D1E4E6E28843C2A00B43C69 /* SystemUserProperties.swift */ = {isa = PBXFileReference; fileEncoding = 4; lastKnownFileType = sourcecode.swift; path = SystemUserProperties.swift; sourceTree = "<group>"; };
		6D1E4E6F28843C2A00B43C69 /* UserFavoritesProperties.swift */ = {isa = PBXFileReference; fileEncoding = 4; lastKnownFileType = sourcecode.swift; path = UserFavoritesProperties.swift; sourceTree = "<group>"; };
		6D1E4E7028843C2A00B43C69 /* FriendsProperties.swift */ = {isa = PBXFileReference; fileEncoding = 4; lastKnownFileType = sourcecode.swift; path = FriendsProperties.swift; sourceTree = "<group>"; };
		6D1E4E7728843FF800B43C69 /* Breed.swift */ = {isa = PBXFileReference; lastKnownFileType = sourcecode.swift; name = Breed.swift; path = /Users/asantos/ProjetosGithub/ProjetoAdoCao/adoCao/AdoCao/Model/CoreData/Breed.swift; sourceTree = "<absolute>"; };
		6D1E4E7828843FF800B43C69 /* BreedProperties.swift */ = {isa = PBXFileReference; lastKnownFileType = sourcecode.swift; name = BreedProperties.swift; path = /Users/asantos/ProjetosGithub/ProjetoAdoCao/adoCao/AdoCao/Model/CoreData/BreedProperties.swift; sourceTree = "<absolute>"; };
		6D2549082881C36400F10640 /* FavoritoRequest.swift */ = {isa = PBXFileReference; lastKnownFileType = sourcecode.swift; path = FavoritoRequest.swift; sourceTree = "<group>"; };
		6D25490A2881C4BB00F10640 /* UsuarioResponse.swift */ = {isa = PBXFileReference; lastKnownFileType = sourcecode.swift; path = UsuarioResponse.swift; sourceTree = "<group>"; };
		6D25490C2881C51200F10640 /* AmigoParaAdocaoResponse.swift */ = {isa = PBXFileReference; lastKnownFileType = sourcecode.swift; path = AmigoParaAdocaoResponse.swift; sourceTree = "<group>"; };
		6D25490E2881E3E700F10640 /* UsuarioRequest.swift */ = {isa = PBXFileReference; lastKnownFileType = sourcecode.swift; path = UsuarioRequest.swift; sourceTree = "<group>"; };
		6D2549102881E47400F10640 /* AmigoParaAdocaoRequest.swift */ = {isa = PBXFileReference; lastKnownFileType = sourcecode.swift; path = AmigoParaAdocaoRequest.swift; sourceTree = "<group>"; };
		6D2549122881E84300F10640 /* LoginRequest.swift */ = {isa = PBXFileReference; lastKnownFileType = sourcecode.swift; path = LoginRequest.swift; sourceTree = "<group>"; };
		6D2549142881E90A00F10640 /* LoginResponse.swift */ = {isa = PBXFileReference; lastKnownFileType = sourcecode.swift; path = LoginResponse.swift; sourceTree = "<group>"; };
		6D2549162881F1B100F10640 /* FailureResponse.swift */ = {isa = PBXFileReference; lastKnownFileType = sourcecode.swift; path = FailureResponse.swift; sourceTree = "<group>"; };
		6D2549182882015500F10640 /* Amigo.swift */ = {isa = PBXFileReference; lastKnownFileType = sourcecode.swift; path = Amigo.swift; sourceTree = "<group>"; };
		6D25491A2882019A00F10640 /* Raca.swift */ = {isa = PBXFileReference; lastKnownFileType = sourcecode.swift; path = Raca.swift; sourceTree = "<group>"; };
		6D25491C288201F700F10640 /* Usuario.swift */ = {isa = PBXFileReference; lastKnownFileType = sourcecode.swift; path = Usuario.swift; sourceTree = "<group>"; };
		6D281EC3287247700099A412 /* UIViewControllerExtension.swift */ = {isa = PBXFileReference; lastKnownFileType = sourcecode.swift; path = UIViewControllerExtension.swift; sourceTree = "<group>"; };
		6D281EC5287248F80099A412 /* UIImageViewExtension.swift */ = {isa = PBXFileReference; lastKnownFileType = sourcecode.swift; path = UIImageViewExtension.swift; sourceTree = "<group>"; };
		6D2844322875D4BA00DCCEAD /* Service.swift */ = {isa = PBXFileReference; fileEncoding = 4; lastKnownFileType = sourcecode.swift; path = Service.swift; sourceTree = "<group>"; };
		6D2C71B32877AA0400D237E1 /* UITableViewCellExtension.swift */ = {isa = PBXFileReference; lastKnownFileType = sourcecode.swift; path = UITableViewCellExtension.swift; sourceTree = "<group>"; };
		6D2C71B52877CB5400D237E1 /* Local.swift */ = {isa = PBXFileReference; lastKnownFileType = sourcecode.swift; path = Local.swift; sourceTree = "<group>"; };
		6D2C71BB2878D99300D237E1 /* UICollectionViewCellExtension.swift */ = {isa = PBXFileReference; lastKnownFileType = sourcecode.swift; path = UICollectionViewCellExtension.swift; sourceTree = "<group>"; };
		6D3DE88B285692EC00F7B58E /* BoasVindasViewController.swift */ = {isa = PBXFileReference; lastKnownFileType = sourcecode.swift; path = BoasVindasViewController.swift; sourceTree = "<group>"; };
		6D3DE8D12858BF5200F7B58E /* BoasVindasViewModel.swift */ = {isa = PBXFileReference; lastKnownFileType = sourcecode.swift; path = BoasVindasViewModel.swift; sourceTree = "<group>"; };
		6D66293C284D6B8100D4195F /* DetalhesUsuarioViewController.swift */ = {isa = PBXFileReference; lastKnownFileType = sourcecode.swift; path = DetalhesUsuarioViewController.swift; sourceTree = "<group>"; };
		6D66293E284D6BAC00D4195F /* DetalhesUsuarioViewModel.swift */ = {isa = PBXFileReference; lastKnownFileType = sourcecode.swift; path = DetalhesUsuarioViewModel.swift; sourceTree = "<group>"; };
		6D66298928500C8A00D4195F /* RacaViewController.swift */ = {isa = PBXFileReference; lastKnownFileType = sourcecode.swift; path = RacaViewController.swift; sourceTree = "<group>"; };
		6D66298B28500FE900D4195F /* RacasViewModel.swift */ = {isa = PBXFileReference; lastKnownFileType = sourcecode.swift; path = RacasViewModel.swift; sourceTree = "<group>"; };
		6D66298D285015AD00D4195F /* DetalhesRacaViewModel.swift */ = {isa = PBXFileReference; lastKnownFileType = sourcecode.swift; path = DetalhesRacaViewModel.swift; sourceTree = "<group>"; };
		6D6629912851074600D4195F /* EditarUsuarioViewController.swift */ = {isa = PBXFileReference; lastKnownFileType = sourcecode.swift; path = EditarUsuarioViewController.swift; sourceTree = "<group>"; };
		6D6629932851082500D4195F /* EditarUsuarioViewModel.swift */ = {isa = PBXFileReference; lastKnownFileType = sourcecode.swift; path = EditarUsuarioViewModel.swift; sourceTree = "<group>"; };
		6D77118828877ECE009D141D /* EnvioImagemResponse.swift */ = {isa = PBXFileReference; lastKnownFileType = sourcecode.swift; path = EnvioImagemResponse.swift; sourceTree = "<group>"; };
		6D9CE2952888882B008DF1AE /* CadastrarAmigoViewModel.swift */ = {isa = PBXFileReference; lastKnownFileType = sourcecode.swift; path = CadastrarAmigoViewModel.swift; sourceTree = "<group>"; };
		6DB9E78728690DDC00C0B791 /* LoginViewModel.swift */ = {isa = PBXFileReference; lastKnownFileType = sourcecode.swift; path = LoginViewModel.swift; sourceTree = "<group>"; };
		6DB9E7892869243A00C0B791 /* RegistroViewModel.swift */ = {isa = PBXFileReference; lastKnownFileType = sourcecode.swift; path = RegistroViewModel.swift; sourceTree = "<group>"; };
		6DCADC37286E46CB00E61541 /* UIViewExtension.swift */ = {isa = PBXFileReference; lastKnownFileType = sourcecode.swift; path = UIViewExtension.swift; sourceTree = "<group>"; };
		6DE7C4CE288B1BA100198E1C /* LoginService.swift */ = {isa = PBXFileReference; lastKnownFileType = sourcecode.swift; path = LoginService.swift; sourceTree = "<group>"; };
		6DEBFCD42854D79500906023 /* FavoritoCollectionViewCell.swift */ = {isa = PBXFileReference; lastKnownFileType = sourcecode.swift; path = FavoritoCollectionViewCell.swift; sourceTree = "<group>"; };
		6DEBFCD82854D81000906023 /* FavoritosViewController.swift */ = {isa = PBXFileReference; lastKnownFileType = sourcecode.swift; path = FavoritosViewController.swift; sourceTree = "<group>"; };
		6DEBFCDA2854DCD900906023 /* FavoritosViewModel.swift */ = {isa = PBXFileReference; lastKnownFileType = sourcecode.swift; path = FavoritosViewModel.swift; sourceTree = "<group>"; };
		6DEBFCDF2855787B00906023 /* FavoritoCellViewModel.swift */ = {isa = PBXFileReference; lastKnownFileType = sourcecode.swift; path = FavoritoCellViewModel.swift; sourceTree = "<group>"; };
		A53C91EDCE08480E14290CCC /* Pods-AdoCao.release.xcconfig */ = {isa = PBXFileReference; includeInIndex = 1; lastKnownFileType = text.xcconfig; name = "Pods-AdoCao.release.xcconfig"; path = "Target Support Files/Pods-AdoCao/Pods-AdoCao.release.xcconfig"; sourceTree = "<group>"; };
		C02B503E284BB87400888A1C /* ListarAmigosCustomCell.swift */ = {isa = PBXFileReference; fileEncoding = 4; lastKnownFileType = sourcecode.swift; path = ListarAmigosCustomCell.swift; sourceTree = "<group>"; };
		C02B503F284BB87400888A1C /* ListarAmigosCustomCellViewModel.swift */ = {isa = PBXFileReference; fileEncoding = 4; lastKnownFileType = sourcecode.swift; path = ListarAmigosCustomCellViewModel.swift; sourceTree = "<group>"; };
		C02B5040284BB87400888A1C /* ListarAmigosParaAdocaoViewController.swift */ = {isa = PBXFileReference; fileEncoding = 4; lastKnownFileType = sourcecode.swift; path = ListarAmigosParaAdocaoViewController.swift; sourceTree = "<group>"; };
		C02B5041284BB87400888A1C /* ListarAmigosViewModel.swift */ = {isa = PBXFileReference; fileEncoding = 4; lastKnownFileType = sourcecode.swift; path = ListarAmigosViewModel.swift; sourceTree = "<group>"; };
		C0975F9B28511D0900029B19 /* DetalheAmigoViewController.swift */ = {isa = PBXFileReference; lastKnownFileType = sourcecode.swift; path = DetalheAmigoViewController.swift; sourceTree = "<group>"; };
		C0975F9D2851302800029B19 /* DetalheAmigoViewModel.swift */ = {isa = PBXFileReference; lastKnownFileType = sourcecode.swift; path = DetalheAmigoViewModel.swift; sourceTree = "<group>"; };
		C0DB990C283FE3EA000ABDA3 /* AdoCao.app */ = {isa = PBXFileReference; explicitFileType = wrapper.application; includeInIndex = 0; path = AdoCao.app; sourceTree = BUILT_PRODUCTS_DIR; };
		C0DB990F283FE3EA000ABDA3 /* AppDelegate.swift */ = {isa = PBXFileReference; lastKnownFileType = sourcecode.swift; path = AppDelegate.swift; sourceTree = "<group>"; };
		C0DB9911283FE3EA000ABDA3 /* SceneDelegate.swift */ = {isa = PBXFileReference; lastKnownFileType = sourcecode.swift; path = SceneDelegate.swift; sourceTree = "<group>"; };
		C0DB9916283FE3EA000ABDA3 /* Base */ = {isa = PBXFileReference; lastKnownFileType = file.storyboard; name = Base; path = Base.lproj/Main.storyboard; sourceTree = "<group>"; };
		C0DB9918283FE3EB000ABDA3 /* Assets.xcassets */ = {isa = PBXFileReference; lastKnownFileType = folder.assetcatalog; path = Assets.xcassets; sourceTree = "<group>"; };
		C0DB991B283FE3EB000ABDA3 /* Base */ = {isa = PBXFileReference; lastKnownFileType = file.storyboard; name = Base; path = Base.lproj/LaunchScreen.storyboard; sourceTree = "<group>"; };
		C0DB991D283FE3EB000ABDA3 /* Info.plist */ = {isa = PBXFileReference; lastKnownFileType = text.plist.xml; path = Info.plist; sourceTree = "<group>"; };
		ED68FFB428750ED000A8486E /* adocao.xcdatamodel */ = {isa = PBXFileReference; lastKnownFileType = wrapper.xcdatamodel; path = adocao.xcdatamodel; sourceTree = "<group>"; };
		ED68FFBB2875220B00A8486E /* CoreDataService.swift */ = {isa = PBXFileReference; lastKnownFileType = sourcecode.swift; path = CoreDataService.swift; sourceTree = "<group>"; };
		EDD14A4F285150AA0014FDCA /* CadastrarAmigoViewController.swift */ = {isa = PBXFileReference; lastKnownFileType = sourcecode.swift; path = CadastrarAmigoViewController.swift; sourceTree = "<group>"; };
		EDD14A51285155130014FDCA /* DetalhesRacaViewController.swift */ = {isa = PBXFileReference; lastKnownFileType = sourcecode.swift; path = DetalhesRacaViewController.swift; sourceTree = "<group>"; };
/* End PBXFileReference section */

/* Begin PBXFrameworksBuildPhase section */
		C0DB9909283FE3EA000ABDA3 /* Frameworks */ = {
			isa = PBXFrameworksBuildPhase;
			buildActionMask = 2147483647;
			files = (
				608D58F0039445F5A69A4139 /* Pods_AdoCao.framework in Frameworks */,
			);
			runOnlyForDeploymentPostprocessing = 0;
		};
/* End PBXFrameworksBuildPhase section */

/* Begin PBXGroup section */
		6D1E4E592884386200B43C69 /* Telas */ = {
			isa = PBXGroup;
			children = (
				6D2C71B52877CB5400D237E1 /* Local.swift */,
				6D2549182882015500F10640 /* Amigo.swift */,
				6D25491A2882019A00F10640 /* Raca.swift */,
				6D25491C288201F700F10640 /* Usuario.swift */,
			);
			path = Telas;
			sourceTree = "<group>";
		};
		6D1E4E6A28843C0200B43C69 /* CoreData */ = {
			isa = PBXGroup;
			children = (
				6D1E4E7728843FF800B43C69 /* Breed.swift */,
				6D1E4E7828843FF800B43C69 /* BreedProperties.swift */,
				6D1E4E6C28843C2900B43C69 /* Friends.swift */,
				6D1E4E7028843C2A00B43C69 /* FriendsProperties.swift */,
				6D1E4E6D28843C2A00B43C69 /* SystemUser.swift */,
				6D1E4E6E28843C2A00B43C69 /* SystemUserProperties.swift */,
				6D1E4E6B28843C2900B43C69 /* UserFavorites.swift */,
				6D1E4E6F28843C2A00B43C69 /* UserFavoritesProperties.swift */,
			);
			path = CoreData;
			sourceTree = "<group>";
		};
		6D662946284D7D6E00D4195F /* Model */ = {
			isa = PBXGroup;
			children = (
				6D1E4E6A28843C0200B43C69 /* CoreData */,
				6D1E4E592884386200B43C69 /* Telas */,
				6D7C2E762881AAF4002BE11C /* API */,
			);
			path = Model;
			sourceTree = "<group>";
		};
		6D662947284D7D8200D4195F /* View */ = {
			isa = PBXGroup;
			children = (
				6DC11B482875AD1E002F2ED4 /* AmigosParaAdocao */,
				6DC11B472875AD13002F2ED4 /* DetalhesRaca */,
				6DC11B462875AD0B002F2ED4 /* DetalhesAmigo */,
				6DC11B452875AC61002F2ED4 /* DetalhesUsuario */,
				6DC11B442875AC3F002F2ED4 /* EditarUsuario */,
				6DC11B432875AC29002F2ED4 /* Racas */,
				6DC11B422875AC1E002F2ED4 /* BoasVindas */,
				6DC11B412875AC14002F2ED4 /* Favoritos */,
				6DC11B402875AC10002F2ED4 /* Suporte */,
				6DC11B3F2875AC03002F2ED4 /* EditarAmigo */,
				6DC11B3E2875ABED002F2ED4 /* CadastrarAmigoDoacao */,
				6DC11B3D2875ABB7002F2ED4 /* CadastrarUsuario */,
				6DC11B3C2875ABAB002F2ED4 /* Login */,
			);
			path = View;
			sourceTree = "<group>";
		};
		6D662948284D7D8B00D4195F /* ViewModel */ = {
			isa = PBXGroup;
			children = (
				6D9CE29428888808008DF1AE /* CadastrarAmigo */,
				6DC11B552875AF07002F2ED4 /* CadastrarUsuario */,
				6DC11B542875AEFE002F2ED4 /* Login */,
				6DC11B532875AEF8002F2ED4 /* BoasVindas */,
				6DC11B522875AEEE002F2ED4 /* Favoritos */,
				6DC11B512875AEE4002F2ED4 /* EditarUsuario */,
				6DC11B502875AED9002F2ED4 /* DetalhesRaca */,
				6DC11B4F2875AED4002F2ED4 /* Racas */,
				6DC11B4E2875AECB002F2ED4 /* DetalhesAmigo */,
				6DC11B4D2875AEBB002F2ED4 /* DetalhesUsuario */,
				6DC11B4C2875AEB0002F2ED4 /* ListarAmigos */,
			);
			path = ViewModel;
			sourceTree = "<group>";
		};
		6D7C2E762881AAF4002BE11C /* API */ = {
			isa = PBXGroup;
			children = (
				6D2549082881C36400F10640 /* FavoritoRequest.swift */,
				6D25490A2881C4BB00F10640 /* UsuarioResponse.swift */,
				6D25490C2881C51200F10640 /* AmigoParaAdocaoResponse.swift */,
				6D25490E2881E3E700F10640 /* UsuarioRequest.swift */,
				6D2549102881E47400F10640 /* AmigoParaAdocaoRequest.swift */,
				6D2549122881E84300F10640 /* LoginRequest.swift */,
				6D2549142881E90A00F10640 /* LoginResponse.swift */,
				6D2549162881F1B100F10640 /* FailureResponse.swift */,
				6D77118828877ECE009D141D /* EnvioImagemResponse.swift */,
			);
			path = API;
			sourceTree = "<group>";
		};
		6D9CE29428888808008DF1AE /* CadastrarAmigo */ = {
			isa = PBXGroup;
			children = (
				6D9CE2952888882B008DF1AE /* CadastrarAmigoViewModel.swift */,
			);
			path = CadastrarAmigo;
			sourceTree = "<group>";
		};
		6DC11B3C2875ABAB002F2ED4 /* Login */ = {
			isa = PBXGroup;
			children = (
				49D71285284E827200C42519 /* LoginViewController.swift */,
			);
			path = Login;
			sourceTree = "<group>";
		};
		6DC11B3D2875ABB7002F2ED4 /* CadastrarUsuario */ = {
			isa = PBXGroup;
			children = (
				49D71287284E828700C42519 /* RegisterViewController.swift */,
			);
			path = CadastrarUsuario;
			sourceTree = "<group>";
		};
		6DC11B3E2875ABED002F2ED4 /* CadastrarAmigoDoacao */ = {
			isa = PBXGroup;
			children = (
				EDD14A4F285150AA0014FDCA /* CadastrarAmigoViewController.swift */,
			);
			path = CadastrarAmigoDoacao;
			sourceTree = "<group>";
		};
		6DC11B3F2875AC03002F2ED4 /* EditarAmigo */ = {
			isa = PBXGroup;
			children = (
				26F148362852A46000128396 /* EditarAmigoViewController.swift */,
			);
			path = EditarAmigo;
			sourceTree = "<group>";
		};
		6DC11B402875AC10002F2ED4 /* Suporte */ = {
			isa = PBXGroup;
			children = (
				2601156A285280CA00BB2C48 /* SuporteViewController.swift */,
			);
			path = Suporte;
			sourceTree = "<group>";
		};
		6DC11B412875AC14002F2ED4 /* Favoritos */ = {
			isa = PBXGroup;
			children = (
				6DEBFCD42854D79500906023 /* FavoritoCollectionViewCell.swift */,
				6DEBFCD82854D81000906023 /* FavoritosViewController.swift */,
			);
			path = Favoritos;
			sourceTree = "<group>";
		};
		6DC11B422875AC1E002F2ED4 /* BoasVindas */ = {
			isa = PBXGroup;
			children = (
				6D3DE88B285692EC00F7B58E /* BoasVindasViewController.swift */,
			);
			path = BoasVindas;
			sourceTree = "<group>";
		};
		6DC11B432875AC29002F2ED4 /* Racas */ = {
			isa = PBXGroup;
			children = (
				6D66298928500C8A00D4195F /* RacaViewController.swift */,
			);
			path = Racas;
			sourceTree = "<group>";
		};
		6DC11B442875AC3F002F2ED4 /* EditarUsuario */ = {
			isa = PBXGroup;
			children = (
				6D6629912851074600D4195F /* EditarUsuarioViewController.swift */,
			);
			path = EditarUsuario;
			sourceTree = "<group>";
		};
		6DC11B452875AC61002F2ED4 /* DetalhesUsuario */ = {
			isa = PBXGroup;
			children = (
				6D66293C284D6B8100D4195F /* DetalhesUsuarioViewController.swift */,
			);
			path = DetalhesUsuario;
			sourceTree = "<group>";
		};
		6DC11B462875AD0B002F2ED4 /* DetalhesAmigo */ = {
			isa = PBXGroup;
			children = (
				C0975F9B28511D0900029B19 /* DetalheAmigoViewController.swift */,
			);
			path = DetalhesAmigo;
			sourceTree = "<group>";
		};
		6DC11B472875AD13002F2ED4 /* DetalhesRaca */ = {
			isa = PBXGroup;
			children = (
				EDD14A51285155130014FDCA /* DetalhesRacaViewController.swift */,
			);
			path = DetalhesRaca;
			sourceTree = "<group>";
		};
		6DC11B482875AD1E002F2ED4 /* AmigosParaAdocao */ = {
			isa = PBXGroup;
			children = (
				C02B503E284BB87400888A1C /* ListarAmigosCustomCell.swift */,
				C02B5040284BB87400888A1C /* ListarAmigosParaAdocaoViewController.swift */,
			);
			path = AmigosParaAdocao;
			sourceTree = "<group>";
		};
		6DC11B4B2875ADB0002F2ED4 /* Services */ = {
			isa = PBXGroup;
			children = (
				ED68FFBB2875220B00A8486E /* CoreDataService.swift */,
				6D2844322875D4BA00DCCEAD /* Service.swift */,
				6DE7C4CE288B1BA100198E1C /* LoginService.swift */,
			);
			path = Services;
			sourceTree = "<group>";
		};
		6DC11B4C2875AEB0002F2ED4 /* ListarAmigos */ = {
			isa = PBXGroup;
			children = (
				C02B503F284BB87400888A1C /* ListarAmigosCustomCellViewModel.swift */,
				C02B5041284BB87400888A1C /* ListarAmigosViewModel.swift */,
			);
			path = ListarAmigos;
			sourceTree = "<group>";
		};
		6DC11B4D2875AEBB002F2ED4 /* DetalhesUsuario */ = {
			isa = PBXGroup;
			children = (
				6D66293E284D6BAC00D4195F /* DetalhesUsuarioViewModel.swift */,
			);
			path = DetalhesUsuario;
			sourceTree = "<group>";
		};
		6DC11B4E2875AECB002F2ED4 /* DetalhesAmigo */ = {
			isa = PBXGroup;
			children = (
				C0975F9D2851302800029B19 /* DetalheAmigoViewModel.swift */,
			);
			path = DetalhesAmigo;
			sourceTree = "<group>";
		};
		6DC11B4F2875AED4002F2ED4 /* Racas */ = {
			isa = PBXGroup;
			children = (
				6D66298B28500FE900D4195F /* RacasViewModel.swift */,
			);
			path = Racas;
			sourceTree = "<group>";
		};
		6DC11B502875AED9002F2ED4 /* DetalhesRaca */ = {
			isa = PBXGroup;
			children = (
				6D66298D285015AD00D4195F /* DetalhesRacaViewModel.swift */,
			);
			path = DetalhesRaca;
			sourceTree = "<group>";
		};
		6DC11B512875AEE4002F2ED4 /* EditarUsuario */ = {
			isa = PBXGroup;
			children = (
				6D6629932851082500D4195F /* EditarUsuarioViewModel.swift */,
			);
			path = EditarUsuario;
			sourceTree = "<group>";
		};
		6DC11B522875AEEE002F2ED4 /* Favoritos */ = {
			isa = PBXGroup;
			children = (
				6DEBFCDA2854DCD900906023 /* FavoritosViewModel.swift */,
				6DEBFCDF2855787B00906023 /* FavoritoCellViewModel.swift */,
			);
			path = Favoritos;
			sourceTree = "<group>";
		};
		6DC11B532875AEF8002F2ED4 /* BoasVindas */ = {
			isa = PBXGroup;
			children = (
				6D3DE8D12858BF5200F7B58E /* BoasVindasViewModel.swift */,
			);
			path = BoasVindas;
			sourceTree = "<group>";
		};
		6DC11B542875AEFE002F2ED4 /* Login */ = {
			isa = PBXGroup;
			children = (
				6DB9E78728690DDC00C0B791 /* LoginViewModel.swift */,
			);
			path = Login;
			sourceTree = "<group>";
		};
		6DC11B552875AF07002F2ED4 /* CadastrarUsuario */ = {
			isa = PBXGroup;
			children = (
				6DB9E7892869243A00C0B791 /* RegistroViewModel.swift */,
			);
			path = CadastrarUsuario;
			sourceTree = "<group>";
		};
		6DCADC36286E46AB00E61541 /* Extensions */ = {
			isa = PBXGroup;
			children = (
				6DCADC37286E46CB00E61541 /* UIViewExtension.swift */,
				6D281EC3287247700099A412 /* UIViewControllerExtension.swift */,
				6D281EC5287248F80099A412 /* UIImageViewExtension.swift */,
				6D2C71B32877AA0400D237E1 /* UITableViewCellExtension.swift */,
				6D2C71BB2878D99300D237E1 /* UICollectionViewCellExtension.swift */,
			);
			path = Extensions;
			sourceTree = "<group>";
		};
		6F6F7A1749F5B81AE166E7F5 /* Frameworks */ = {
			isa = PBXGroup;
			children = (
				0CE5B1572EB627208C166CEA /* Pods_AdoCao.framework */,
			);
			name = Frameworks;
			sourceTree = "<group>";
		};
		964DC03147341B35BEBE8A1A /* Pods */ = {
			isa = PBXGroup;
			children = (
				03B45C910AD5FAB004E484D7 /* Pods-AdoCao.debug.xcconfig */,
				A53C91EDCE08480E14290CCC /* Pods-AdoCao.release.xcconfig */,
			);
			path = Pods;
			sourceTree = "<group>";
		};
		C0DB9903283FE3EA000ABDA3 = {
			isa = PBXGroup;
			children = (
				C0DB990E283FE3EA000ABDA3 /* AdoCao */,
				C0DB990D283FE3EA000ABDA3 /* Products */,
				964DC03147341B35BEBE8A1A /* Pods */,
				6F6F7A1749F5B81AE166E7F5 /* Frameworks */,
			);
			sourceTree = "<group>";
		};
		C0DB990D283FE3EA000ABDA3 /* Products */ = {
			isa = PBXGroup;
			children = (
				C0DB990C283FE3EA000ABDA3 /* AdoCao.app */,
			);
			name = Products;
			sourceTree = "<group>";
		};
		C0DB990E283FE3EA000ABDA3 /* AdoCao */ = {
			isa = PBXGroup;
			children = (
				6DC11B4B2875ADB0002F2ED4 /* Services */,
				6DCADC36286E46AB00E61541 /* Extensions */,
				6D662948284D7D8B00D4195F /* ViewModel */,
				6D662947284D7D8200D4195F /* View */,
				6D662946284D7D6E00D4195F /* Model */,
				C0DB990F283FE3EA000ABDA3 /* AppDelegate.swift */,
				C0DB9911283FE3EA000ABDA3 /* SceneDelegate.swift */,
				C0DB9915283FE3EA000ABDA3 /* Main.storyboard */,
				C0DB9918283FE3EB000ABDA3 /* Assets.xcassets */,
				C0DB991A283FE3EB000ABDA3 /* LaunchScreen.storyboard */,
				C0DB991D283FE3EB000ABDA3 /* Info.plist */,
				267CC25228820B0500A7535A /* GoogleService-Info.plist */,
				ED68FFB328750ED000A8486E /* adocao.xcdatamodeld */,
			);
			path = AdoCao;
			sourceTree = "<group>";
		};
/* End PBXGroup section */

/* Begin PBXNativeTarget section */
		C0DB990B283FE3EA000ABDA3 /* AdoCao */ = {
			isa = PBXNativeTarget;
			buildConfigurationList = C0DB9920283FE3EB000ABDA3 /* Build configuration list for PBXNativeTarget "AdoCao" */;
			buildPhases = (
				8417BC577919E5319418BA49 /* [CP] Check Pods Manifest.lock */,
				C0DB9908283FE3EA000ABDA3 /* Sources */,
				C0DB9909283FE3EA000ABDA3 /* Frameworks */,
				C0DB990A283FE3EA000ABDA3 /* Resources */,
				99611D940AA9164F867646D9 /* [CP] Embed Pods Frameworks */,
			);
			buildRules = (
			);
			dependencies = (
			);
			name = AdoCao;
			productName = AdoCao;
			productReference = C0DB990C283FE3EA000ABDA3 /* AdoCao.app */;
			productType = "com.apple.product-type.application";
		};
/* End PBXNativeTarget section */

/* Begin PBXProject section */
		C0DB9904283FE3EA000ABDA3 /* Project object */ = {
			isa = PBXProject;
			attributes = {
				BuildIndependentTargetsInParallel = 1;
				LastSwiftUpdateCheck = 1330;
				LastUpgradeCheck = 1330;
				TargetAttributes = {
					C0DB990B283FE3EA000ABDA3 = {
						CreatedOnToolsVersion = 13.3;
					};
				};
			};
			buildConfigurationList = C0DB9907283FE3EA000ABDA3 /* Build configuration list for PBXProject "AdoCao" */;
			compatibilityVersion = "Xcode 13.0";
			developmentRegion = en;
			hasScannedForEncodings = 0;
			knownRegions = (
				en,
				Base,
			);
			mainGroup = C0DB9903283FE3EA000ABDA3;
			productRefGroup = C0DB990D283FE3EA000ABDA3 /* Products */;
			projectDirPath = "";
			projectRoot = "";
			targets = (
				C0DB990B283FE3EA000ABDA3 /* AdoCao */,
			);
		};
/* End PBXProject section */

/* Begin PBXResourcesBuildPhase section */
		C0DB990A283FE3EA000ABDA3 /* Resources */ = {
			isa = PBXResourcesBuildPhase;
			buildActionMask = 2147483647;
			files = (
				C0DB991C283FE3EB000ABDA3 /* LaunchScreen.storyboard in Resources */,
				267CC25328820B0500A7535A /* GoogleService-Info.plist in Resources */,
				C0DB9919283FE3EB000ABDA3 /* Assets.xcassets in Resources */,
				C0DB9917283FE3EA000ABDA3 /* Main.storyboard in Resources */,
			);
			runOnlyForDeploymentPostprocessing = 0;
		};
/* End PBXResourcesBuildPhase section */

/* Begin PBXShellScriptBuildPhase section */
		8417BC577919E5319418BA49 /* [CP] Check Pods Manifest.lock */ = {
			isa = PBXShellScriptBuildPhase;
			buildActionMask = 2147483647;
			files = (
			);
			inputFileListPaths = (
			);
			inputPaths = (
				"${PODS_PODFILE_DIR_PATH}/Podfile.lock",
				"${PODS_ROOT}/Manifest.lock",
			);
			name = "[CP] Check Pods Manifest.lock";
			outputFileListPaths = (
			);
			outputPaths = (
				"$(DERIVED_FILE_DIR)/Pods-AdoCao-checkManifestLockResult.txt",
			);
			runOnlyForDeploymentPostprocessing = 0;
			shellPath = /bin/sh;
			shellScript = "diff \"${PODS_PODFILE_DIR_PATH}/Podfile.lock\" \"${PODS_ROOT}/Manifest.lock\" > /dev/null\nif [ $? != 0 ] ; then\n    # print error to STDERR\n    echo \"error: The sandbox is not in sync with the Podfile.lock. Run 'pod install' or update your CocoaPods installation.\" >&2\n    exit 1\nfi\n# This output is used by Xcode 'outputs' to avoid re-running this script phase.\necho \"SUCCESS\" > \"${SCRIPT_OUTPUT_FILE_0}\"\n";
			showEnvVarsInLog = 0;
		};
		99611D940AA9164F867646D9 /* [CP] Embed Pods Frameworks */ = {
			isa = PBXShellScriptBuildPhase;
			buildActionMask = 2147483647;
			files = (
			);
			inputFileListPaths = (
				"${PODS_ROOT}/Target Support Files/Pods-AdoCao/Pods-AdoCao-frameworks-${CONFIGURATION}-input-files.xcfilelist",
			);
			name = "[CP] Embed Pods Frameworks";
			outputFileListPaths = (
				"${PODS_ROOT}/Target Support Files/Pods-AdoCao/Pods-AdoCao-frameworks-${CONFIGURATION}-output-files.xcfilelist",
			);
			runOnlyForDeploymentPostprocessing = 0;
			shellPath = /bin/sh;
			shellScript = "\"${PODS_ROOT}/Target Support Files/Pods-AdoCao/Pods-AdoCao-frameworks.sh\"\n";
			showEnvVarsInLog = 0;
		};
/* End PBXShellScriptBuildPhase section */

/* Begin PBXSourcesBuildPhase section */
		C0DB9908283FE3EA000ABDA3 /* Sources */ = {
			isa = PBXSourcesBuildPhase;
			buildActionMask = 2147483647;
			files = (
				6DEBFCE02855787B00906023 /* FavoritoCellViewModel.swift in Sources */,
				49D71288284E828700C42519 /* RegisterViewController.swift in Sources */,
				6D2549132881E84300F10640 /* LoginRequest.swift in Sources */,
				6D1E4E7228843C2A00B43C69 /* Friends.swift in Sources */,
				C02B5044284BB87400888A1C /* ListarAmigosCustomCell.swift in Sources */,
				6D66298E285015AD00D4195F /* DetalhesRacaViewModel.swift in Sources */,
				C0DB9910283FE3EA000ABDA3 /* AppDelegate.swift in Sources */,
				6D2549112881E47400F10640 /* AmigoParaAdocaoRequest.swift in Sources */,
				6D2549192882015500F10640 /* Amigo.swift in Sources */,
				6D2549172881F1B100F10640 /* FailureResponse.swift in Sources */,
				C0975F9C28511D0900029B19 /* DetalheAmigoViewController.swift in Sources */,
				C02B5045284BB87400888A1C /* ListarAmigosCustomCellViewModel.swift in Sources */,
				6D6629922851074600D4195F /* EditarUsuarioViewController.swift in Sources */,
				6D66298C28500FE900D4195F /* RacasViewModel.swift in Sources */,
				6D3DE8D22858BF5200F7B58E /* BoasVindasViewModel.swift in Sources */,
				6D2C71B42877AA0400D237E1 /* UITableViewCellExtension.swift in Sources */,
				6D281EC6287248F80099A412 /* UIImageViewExtension.swift in Sources */,
				6D66293F284D6BAC00D4195F /* DetalhesUsuarioViewModel.swift in Sources */,
				6DB9E78A2869243A00C0B791 /* RegistroViewModel.swift in Sources */,
				6DB9E78828690DDC00C0B791 /* LoginViewModel.swift in Sources */,
				6D77118928877ECE009D141D /* EnvioImagemResponse.swift in Sources */,
				6D2844332875D4BA00DCCEAD /* Service.swift in Sources */,
				6DEBFCD92854D81000906023 /* FavoritosViewController.swift in Sources */,
				6D25491B2882019A00F10640 /* Raca.swift in Sources */,
				EDD14A50285150AA0014FDCA /* CadastrarAmigoViewController.swift in Sources */,
				2601156B285280CA00BB2C48 /* SuporteViewController.swift in Sources */,
				6D2C71B62877CB5400D237E1 /* Local.swift in Sources */,
				6DEBFCDB2854DCD900906023 /* FavoritosViewModel.swift in Sources */,
				6D1E4E7428843C2A00B43C69 /* SystemUserProperties.swift in Sources */,
				C0975F9E2851302800029B19 /* DetalheAmigoViewModel.swift in Sources */,
				C02B5046284BB87400888A1C /* ListarAmigosParaAdocaoViewController.swift in Sources */,
				6DE7C4CF288B1BA200198E1C /* LoginService.swift in Sources */,
				6D1E4E7A28843FF900B43C69 /* BreedProperties.swift in Sources */,
				6D3DE88C285692EC00F7B58E /* BoasVindasViewController.swift in Sources */,
				6D9CE2962888882B008DF1AE /* CadastrarAmigoViewModel.swift in Sources */,
				6DEBFCD52854D79500906023 /* FavoritoCollectionViewCell.swift in Sources */,
				6D25490D2881C51200F10640 /* AmigoParaAdocaoResponse.swift in Sources */,
				6D25490F2881E3E700F10640 /* UsuarioRequest.swift in Sources */,
				6D1E4E7328843C2A00B43C69 /* SystemUser.swift in Sources */,
				6D1E4E7128843C2A00B43C69 /* UserFavorites.swift in Sources */,
				6D6629942851082500D4195F /* EditarUsuarioViewModel.swift in Sources */,
				ED68FFBC2875220B00A8486E /* CoreDataService.swift in Sources */,
				6D2549152881E90A00F10640 /* LoginResponse.swift in Sources */,
				6D66293D284D6B8100D4195F /* DetalhesUsuarioViewController.swift in Sources */,
				EDD14A52285155130014FDCA /* DetalhesRacaViewController.swift in Sources */,
				6D1E4E7928843FF800B43C69 /* Breed.swift in Sources */,
				6D25490B2881C4BB00F10640 /* UsuarioResponse.swift in Sources */,
				6D1E4E7528843C2A00B43C69 /* UserFavoritesProperties.swift in Sources */,
				6D25491D288201F700F10640 /* Usuario.swift in Sources */,
				6D2549092881C36400F10640 /* FavoritoRequest.swift in Sources */,
				6D2C71BC2878D99300D237E1 /* UICollectionViewCellExtension.swift in Sources */,
				26F148372852A46000128396 /* EditarAmigoViewController.swift in Sources */,
				C02B5047284BB87400888A1C /* ListarAmigosViewModel.swift in Sources */,
				49D71286284E827200C42519 /* LoginViewController.swift in Sources */,
				6D1E4E7628843C2A00B43C69 /* FriendsProperties.swift in Sources */,
				6D281EC4287247700099A412 /* UIViewControllerExtension.swift in Sources */,
				ED68FFB528750ED000A8486E /* adocao.xcdatamodeld in Sources */,
				6D66298A28500C8C00D4195F /* RacaViewController.swift in Sources */,
				C0DB9912283FE3EA000ABDA3 /* SceneDelegate.swift in Sources */,
				6DCADC38286E46CB00E61541 /* UIViewExtension.swift in Sources */,
			);
			runOnlyForDeploymentPostprocessing = 0;
		};
/* End PBXSourcesBuildPhase section */

/* Begin PBXVariantGroup section */
		C0DB9915283FE3EA000ABDA3 /* Main.storyboard */ = {
			isa = PBXVariantGroup;
			children = (
				C0DB9916283FE3EA000ABDA3 /* Base */,
			);
			name = Main.storyboard;
			sourceTree = "<group>";
		};
		C0DB991A283FE3EB000ABDA3 /* LaunchScreen.storyboard */ = {
			isa = PBXVariantGroup;
			children = (
				C0DB991B283FE3EB000ABDA3 /* Base */,
			);
			name = LaunchScreen.storyboard;
			sourceTree = "<group>";
		};
/* End PBXVariantGroup section */

/* Begin XCBuildConfiguration section */
		C0DB991E283FE3EB000ABDA3 /* Debug */ = {
			isa = XCBuildConfiguration;
			buildSettings = {
				ALWAYS_SEARCH_USER_PATHS = NO;
				CLANG_ANALYZER_NONNULL = YES;
				CLANG_ANALYZER_NUMBER_OBJECT_CONVERSION = YES_AGGRESSIVE;
				CLANG_CXX_LANGUAGE_STANDARD = "gnu++17";
				CLANG_ENABLE_MODULES = YES;
				CLANG_ENABLE_OBJC_ARC = YES;
				CLANG_ENABLE_OBJC_WEAK = YES;
				CLANG_WARN_BLOCK_CAPTURE_AUTORELEASING = YES;
				CLANG_WARN_BOOL_CONVERSION = YES;
				CLANG_WARN_COMMA = YES;
				CLANG_WARN_CONSTANT_CONVERSION = YES;
				CLANG_WARN_DEPRECATED_OBJC_IMPLEMENTATIONS = YES;
				CLANG_WARN_DIRECT_OBJC_ISA_USAGE = YES_ERROR;
				CLANG_WARN_DOCUMENTATION_COMMENTS = YES;
				CLANG_WARN_EMPTY_BODY = YES;
				CLANG_WARN_ENUM_CONVERSION = YES;
				CLANG_WARN_INFINITE_RECURSION = YES;
				CLANG_WARN_INT_CONVERSION = YES;
				CLANG_WARN_NON_LITERAL_NULL_CONVERSION = YES;
				CLANG_WARN_OBJC_IMPLICIT_RETAIN_SELF = YES;
				CLANG_WARN_OBJC_LITERAL_CONVERSION = YES;
				CLANG_WARN_OBJC_ROOT_CLASS = YES_ERROR;
				CLANG_WARN_QUOTED_INCLUDE_IN_FRAMEWORK_HEADER = YES;
				CLANG_WARN_RANGE_LOOP_ANALYSIS = YES;
				CLANG_WARN_STRICT_PROTOTYPES = YES;
				CLANG_WARN_SUSPICIOUS_MOVE = YES;
				CLANG_WARN_UNGUARDED_AVAILABILITY = YES_AGGRESSIVE;
				CLANG_WARN_UNREACHABLE_CODE = YES;
				CLANG_WARN__DUPLICATE_METHOD_MATCH = YES;
				COPY_PHASE_STRIP = NO;
				DEBUG_INFORMATION_FORMAT = dwarf;
				ENABLE_STRICT_OBJC_MSGSEND = YES;
				ENABLE_TESTABILITY = YES;
				GCC_C_LANGUAGE_STANDARD = gnu11;
				GCC_DYNAMIC_NO_PIC = NO;
				GCC_NO_COMMON_BLOCKS = YES;
				GCC_OPTIMIZATION_LEVEL = 0;
				GCC_PREPROCESSOR_DEFINITIONS = (
					"DEBUG=1",
					"$(inherited)",
				);
				GCC_WARN_64_TO_32_BIT_CONVERSION = YES;
				GCC_WARN_ABOUT_RETURN_TYPE = YES_ERROR;
				GCC_WARN_UNDECLARED_SELECTOR = YES;
				GCC_WARN_UNINITIALIZED_AUTOS = YES_AGGRESSIVE;
				GCC_WARN_UNUSED_FUNCTION = YES;
				GCC_WARN_UNUSED_VARIABLE = YES;
				IPHONEOS_DEPLOYMENT_TARGET = 15.4;
				MTL_ENABLE_DEBUG_INFO = INCLUDE_SOURCE;
				MTL_FAST_MATH = YES;
				ONLY_ACTIVE_ARCH = YES;
				SDKROOT = iphoneos;
				SWIFT_ACTIVE_COMPILATION_CONDITIONS = DEBUG;
				SWIFT_OPTIMIZATION_LEVEL = "-Onone";
			};
			name = Debug;
		};
		C0DB991F283FE3EB000ABDA3 /* Release */ = {
			isa = XCBuildConfiguration;
			buildSettings = {
				ALWAYS_SEARCH_USER_PATHS = NO;
				CLANG_ANALYZER_NONNULL = YES;
				CLANG_ANALYZER_NUMBER_OBJECT_CONVERSION = YES_AGGRESSIVE;
				CLANG_CXX_LANGUAGE_STANDARD = "gnu++17";
				CLANG_ENABLE_MODULES = YES;
				CLANG_ENABLE_OBJC_ARC = YES;
				CLANG_ENABLE_OBJC_WEAK = YES;
				CLANG_WARN_BLOCK_CAPTURE_AUTORELEASING = YES;
				CLANG_WARN_BOOL_CONVERSION = YES;
				CLANG_WARN_COMMA = YES;
				CLANG_WARN_CONSTANT_CONVERSION = YES;
				CLANG_WARN_DEPRECATED_OBJC_IMPLEMENTATIONS = YES;
				CLANG_WARN_DIRECT_OBJC_ISA_USAGE = YES_ERROR;
				CLANG_WARN_DOCUMENTATION_COMMENTS = YES;
				CLANG_WARN_EMPTY_BODY = YES;
				CLANG_WARN_ENUM_CONVERSION = YES;
				CLANG_WARN_INFINITE_RECURSION = YES;
				CLANG_WARN_INT_CONVERSION = YES;
				CLANG_WARN_NON_LITERAL_NULL_CONVERSION = YES;
				CLANG_WARN_OBJC_IMPLICIT_RETAIN_SELF = YES;
				CLANG_WARN_OBJC_LITERAL_CONVERSION = YES;
				CLANG_WARN_OBJC_ROOT_CLASS = YES_ERROR;
				CLANG_WARN_QUOTED_INCLUDE_IN_FRAMEWORK_HEADER = YES;
				CLANG_WARN_RANGE_LOOP_ANALYSIS = YES;
				CLANG_WARN_STRICT_PROTOTYPES = YES;
				CLANG_WARN_SUSPICIOUS_MOVE = YES;
				CLANG_WARN_UNGUARDED_AVAILABILITY = YES_AGGRESSIVE;
				CLANG_WARN_UNREACHABLE_CODE = YES;
				CLANG_WARN__DUPLICATE_METHOD_MATCH = YES;
				COPY_PHASE_STRIP = NO;
				DEBUG_INFORMATION_FORMAT = "dwarf-with-dsym";
				ENABLE_NS_ASSERTIONS = NO;
				ENABLE_STRICT_OBJC_MSGSEND = YES;
				GCC_C_LANGUAGE_STANDARD = gnu11;
				GCC_NO_COMMON_BLOCKS = YES;
				GCC_WARN_64_TO_32_BIT_CONVERSION = YES;
				GCC_WARN_ABOUT_RETURN_TYPE = YES_ERROR;
				GCC_WARN_UNDECLARED_SELECTOR = YES;
				GCC_WARN_UNINITIALIZED_AUTOS = YES_AGGRESSIVE;
				GCC_WARN_UNUSED_FUNCTION = YES;
				GCC_WARN_UNUSED_VARIABLE = YES;
				IPHONEOS_DEPLOYMENT_TARGET = 15.4;
				MTL_ENABLE_DEBUG_INFO = NO;
				MTL_FAST_MATH = YES;
				SDKROOT = iphoneos;
				SWIFT_COMPILATION_MODE = wholemodule;
				SWIFT_OPTIMIZATION_LEVEL = "-O";
				VALIDATE_PRODUCT = YES;
			};
			name = Release;
		};
		C0DB9921283FE3EB000ABDA3 /* Debug */ = {
			isa = XCBuildConfiguration;
			baseConfigurationReference = 03B45C910AD5FAB004E484D7 /* Pods-AdoCao.debug.xcconfig */;
			buildSettings = {
				ASSETCATALOG_COMPILER_APPICON_NAME = AppIcon;
				ASSETCATALOG_COMPILER_GLOBAL_ACCENT_COLOR_NAME = AccentColor;
				CODE_SIGN_STYLE = Automatic;
				CURRENT_PROJECT_VERSION = 1;
				DEVELOPMENT_TEAM = DFJHUM6264;
				GENERATE_INFOPLIST_FILE = YES;
				INFOPLIST_FILE = AdoCao/Info.plist;
				INFOPLIST_KEY_NSCameraUsageDescription = "O Aplicativo precisa de sua permissão para usar a câmera";
				INFOPLIST_KEY_UIApplicationSupportsIndirectInputEvents = YES;
				INFOPLIST_KEY_UILaunchStoryboardName = LaunchScreen;
				INFOPLIST_KEY_UISupportedInterfaceOrientations_iPad = "UIInterfaceOrientationPortrait UIInterfaceOrientationPortraitUpsideDown UIInterfaceOrientationLandscapeLeft UIInterfaceOrientationLandscapeRight";
				INFOPLIST_KEY_UISupportedInterfaceOrientations_iPhone = "UIInterfaceOrientationPortrait UIInterfaceOrientationLandscapeLeft UIInterfaceOrientationLandscapeRight";
				LD_RUNPATH_SEARCH_PATHS = (
					"$(inherited)",
					"@executable_path/Frameworks",
				);
				MARKETING_VERSION = 1.0;
				PRODUCT_BUNDLE_IDENTIFIER = desafiotableview.AdoCao;
				PRODUCT_NAME = "$(TARGET_NAME)";
				SWIFT_EMIT_LOC_STRINGS = YES;
				SWIFT_VERSION = 5.0;
				TARGETED_DEVICE_FAMILY = 1;
			};
			name = Debug;
		};
		C0DB9922283FE3EB000ABDA3 /* Release */ = {
			isa = XCBuildConfiguration;
			baseConfigurationReference = A53C91EDCE08480E14290CCC /* Pods-AdoCao.release.xcconfig */;
			buildSettings = {
				ASSETCATALOG_COMPILER_APPICON_NAME = AppIcon;
				ASSETCATALOG_COMPILER_GLOBAL_ACCENT_COLOR_NAME = AccentColor;
				CODE_SIGN_STYLE = Automatic;
				CURRENT_PROJECT_VERSION = 1;
				DEVELOPMENT_TEAM = DFJHUM6264;
				GENERATE_INFOPLIST_FILE = YES;
				INFOPLIST_FILE = AdoCao/Info.plist;
				INFOPLIST_KEY_NSCameraUsageDescription = "O Aplicativo precisa de sua permissão para usar a câmera";
				INFOPLIST_KEY_UIApplicationSupportsIndirectInputEvents = YES;
				INFOPLIST_KEY_UILaunchStoryboardName = LaunchScreen;
				INFOPLIST_KEY_UISupportedInterfaceOrientations_iPad = "UIInterfaceOrientationPortrait UIInterfaceOrientationPortraitUpsideDown UIInterfaceOrientationLandscapeLeft UIInterfaceOrientationLandscapeRight";
				INFOPLIST_KEY_UISupportedInterfaceOrientations_iPhone = "UIInterfaceOrientationPortrait UIInterfaceOrientationLandscapeLeft UIInterfaceOrientationLandscapeRight";
				LD_RUNPATH_SEARCH_PATHS = (
					"$(inherited)",
					"@executable_path/Frameworks",
				);
				MARKETING_VERSION = 1.0;
				PRODUCT_BUNDLE_IDENTIFIER = desafiotableview.AdoCao;
				PRODUCT_NAME = "$(TARGET_NAME)";
				SWIFT_EMIT_LOC_STRINGS = YES;
				SWIFT_VERSION = 5.0;
				TARGETED_DEVICE_FAMILY = 1;
			};
			name = Release;
		};
/* End XCBuildConfiguration section */

/* Begin XCConfigurationList section */
		C0DB9907283FE3EA000ABDA3 /* Build configuration list for PBXProject "AdoCao" */ = {
			isa = XCConfigurationList;
			buildConfigurations = (
				C0DB991E283FE3EB000ABDA3 /* Debug */,
				C0DB991F283FE3EB000ABDA3 /* Release */,
			);
			defaultConfigurationIsVisible = 0;
			defaultConfigurationName = Release;
		};
		C0DB9920283FE3EB000ABDA3 /* Build configuration list for PBXNativeTarget "AdoCao" */ = {
			isa = XCConfigurationList;
			buildConfigurations = (
				C0DB9921283FE3EB000ABDA3 /* Debug */,
				C0DB9922283FE3EB000ABDA3 /* Release */,
			);
			defaultConfigurationIsVisible = 0;
			defaultConfigurationName = Release;
		};
/* End XCConfigurationList section */

/* Begin XCVersionGroup section */
		ED68FFB328750ED000A8486E /* adocao.xcdatamodeld */ = {
			isa = XCVersionGroup;
			children = (
				ED68FFB428750ED000A8486E /* adocao.xcdatamodel */,
			);
			currentVersion = ED68FFB428750ED000A8486E /* adocao.xcdatamodel */;
			path = adocao.xcdatamodeld;
			sourceTree = "<group>";
			versionGroupType = wrapper.xcdatamodel;
		};
/* End XCVersionGroup section */
	};
	rootObject = C0DB9904283FE3EA000ABDA3 /* Project object */;
}
