// !$*UTF8*$!
{
	archiveVersion = 1;
	classes = {
	};
	objectVersion = 55;
	objects = {

/* Begin PBXBuildFile section */
		49D71286284E827200C42519 /* LoginViewController.swift in Sources */ = {isa = PBXBuildFile; fileRef = 49D71285284E827200C42519 /* LoginViewController.swift */; };
		49D71288284E828700C42519 /* RegisterViewController.swift in Sources */ = {isa = PBXBuildFile; fileRef = 49D71287284E828700C42519 /* RegisterViewController.swift */; };
		6D66293D284D6B8100D4195F /* DetalhesUsuarioViewController.swift in Sources */ = {isa = PBXBuildFile; fileRef = 6D66293C284D6B8100D4195F /* DetalhesUsuarioViewController.swift */; };
		6D66293F284D6BAC00D4195F /* DetalhesUsuarioViewModel.swift in Sources */ = {isa = PBXBuildFile; fileRef = 6D66293E284D6BAC00D4195F /* DetalhesUsuarioViewModel.swift */; };
		6D662941284D719600D4195F /* Usuario.swift in Sources */ = {isa = PBXBuildFile; fileRef = 6D662940284D719600D4195F /* Usuario.swift */; };
		6D662943284D732A00D4195F /* Amigo.swift in Sources */ = {isa = PBXBuildFile; fileRef = 6D662942284D732A00D4195F /* Amigo.swift */; };
		6D662945284D73D600D4195F /* Raca.swift in Sources */ = {isa = PBXBuildFile; fileRef = 6D662944284D73D600D4195F /* Raca.swift */; };
		6D66294A284D7F9500D4195F /* Database.swift in Sources */ = {isa = PBXBuildFile; fileRef = 6D662949284D7F9500D4195F /* Database.swift */; };
		6D66298A28500C8C00D4195F /* RacaViewController.swift in Sources */ = {isa = PBXBuildFile; fileRef = 6D66298928500C8A00D4195F /* RacaViewController.swift */; };
		6D66298C28500FE900D4195F /* RacasViewModel.swift in Sources */ = {isa = PBXBuildFile; fileRef = 6D66298B28500FE900D4195F /* RacasViewModel.swift */; };
		6D66298E285015AD00D4195F /* AndreDetalhesRacaViewModel.swift in Sources */ = {isa = PBXBuildFile; fileRef = 6D66298D285015AD00D4195F /* AndreDetalhesRacaViewModel.swift */; };
		6D6629902850177C00D4195F /* AndreDetalhesRacaViewController.swift in Sources */ = {isa = PBXBuildFile; fileRef = 6D66298F2850177C00D4195F /* AndreDetalhesRacaViewController.swift */; };
		C02B5044284BB87400888A1C /* ListarAmigosCustomCell.swift in Sources */ = {isa = PBXBuildFile; fileRef = C02B503E284BB87400888A1C /* ListarAmigosCustomCell.swift */; };
		C02B5045284BB87400888A1C /* ListarAmigosCustomCellViewModel.swift in Sources */ = {isa = PBXBuildFile; fileRef = C02B503F284BB87400888A1C /* ListarAmigosCustomCellViewModel.swift */; };
		C02B5046284BB87400888A1C /* ListarAmigosParaAdocaoViewController.swift in Sources */ = {isa = PBXBuildFile; fileRef = C02B5040284BB87400888A1C /* ListarAmigosParaAdocaoViewController.swift */; };
		C02B5047284BB87400888A1C /* ListarAmigosViewModel.swift in Sources */ = {isa = PBXBuildFile; fileRef = C02B5041284BB87400888A1C /* ListarAmigosViewModel.swift */; };
		C02B5048284BB87400888A1C /* ListarAmigosService.swift in Sources */ = {isa = PBXBuildFile; fileRef = C02B5042284BB87400888A1C /* ListarAmigosService.swift */; };
		C02B5049284BB87400888A1C /* ListarAmigosClient.swift in Sources */ = {isa = PBXBuildFile; fileRef = C02B5043284BB87400888A1C /* ListarAmigosClient.swift */; };
		C0DB9910283FE3EA000ABDA3 /* AppDelegate.swift in Sources */ = {isa = PBXBuildFile; fileRef = C0DB990F283FE3EA000ABDA3 /* AppDelegate.swift */; };
		C0DB9912283FE3EA000ABDA3 /* SceneDelegate.swift in Sources */ = {isa = PBXBuildFile; fileRef = C0DB9911283FE3EA000ABDA3 /* SceneDelegate.swift */; };
		C0DB9914283FE3EA000ABDA3 /* ViewController.swift in Sources */ = {isa = PBXBuildFile; fileRef = C0DB9913283FE3EA000ABDA3 /* ViewController.swift */; };
		C0DB9917283FE3EA000ABDA3 /* Main.storyboard in Resources */ = {isa = PBXBuildFile; fileRef = C0DB9915283FE3EA000ABDA3 /* Main.storyboard */; };
		C0DB9919283FE3EB000ABDA3 /* Assets.xcassets in Resources */ = {isa = PBXBuildFile; fileRef = C0DB9918283FE3EB000ABDA3 /* Assets.xcassets */; };
		C0DB991C283FE3EB000ABDA3 /* LaunchScreen.storyboard in Resources */ = {isa = PBXBuildFile; fileRef = C0DB991A283FE3EB000ABDA3 /* LaunchScreen.storyboard */; };
		ED28F059284EDB940012E298 /* CadastrarAmigoViewController.swift in Sources */ = {isa = PBXBuildFile; fileRef = ED28F058284EDB940012E298 /* CadastrarAmigoViewController.swift */; };
/* End PBXBuildFile section */

/* Begin PBXFileReference section */
		49D71285284E827200C42519 /* LoginViewController.swift */ = {isa = PBXFileReference; lastKnownFileType = sourcecode.swift; path = LoginViewController.swift; sourceTree = "<group>"; };
		49D71287284E828700C42519 /* RegisterViewController.swift */ = {isa = PBXFileReference; lastKnownFileType = sourcecode.swift; path = RegisterViewController.swift; sourceTree = "<group>"; };
		6D66293C284D6B8100D4195F /* DetalhesUsuarioViewController.swift */ = {isa = PBXFileReference; lastKnownFileType = sourcecode.swift; path = DetalhesUsuarioViewController.swift; sourceTree = "<group>"; };
		6D66293E284D6BAC00D4195F /* DetalhesUsuarioViewModel.swift */ = {isa = PBXFileReference; lastKnownFileType = sourcecode.swift; path = DetalhesUsuarioViewModel.swift; sourceTree = "<group>"; };
		6D662940284D719600D4195F /* Usuario.swift */ = {isa = PBXFileReference; lastKnownFileType = sourcecode.swift; path = Usuario.swift; sourceTree = "<group>"; };
		6D662942284D732A00D4195F /* Amigo.swift */ = {isa = PBXFileReference; lastKnownFileType = sourcecode.swift; path = Amigo.swift; sourceTree = "<group>"; };
		6D662944284D73D600D4195F /* Raca.swift */ = {isa = PBXFileReference; lastKnownFileType = sourcecode.swift; path = Raca.swift; sourceTree = "<group>"; };
		6D662949284D7F9500D4195F /* Database.swift */ = {isa = PBXFileReference; lastKnownFileType = sourcecode.swift; path = Database.swift; sourceTree = "<group>"; };
		6D66298928500C8A00D4195F /* RacaViewController.swift */ = {isa = PBXFileReference; lastKnownFileType = sourcecode.swift; path = RacaViewController.swift; sourceTree = "<group>"; };
		6D66298B28500FE900D4195F /* RacasViewModel.swift */ = {isa = PBXFileReference; lastKnownFileType = sourcecode.swift; path = RacasViewModel.swift; sourceTree = "<group>"; };
		6D66298D285015AD00D4195F /* AndreDetalhesRacaViewModel.swift */ = {isa = PBXFileReference; lastKnownFileType = sourcecode.swift; path = AndreDetalhesRacaViewModel.swift; sourceTree = "<group>"; };
		6D66298F2850177C00D4195F /* AndreDetalhesRacaViewController.swift */ = {isa = PBXFileReference; lastKnownFileType = sourcecode.swift; path = AndreDetalhesRacaViewController.swift; sourceTree = "<group>"; };
		C02B503E284BB87400888A1C /* ListarAmigosCustomCell.swift */ = {isa = PBXFileReference; fileEncoding = 4; lastKnownFileType = sourcecode.swift; path = ListarAmigosCustomCell.swift; sourceTree = "<group>"; };
		C02B503F284BB87400888A1C /* ListarAmigosCustomCellViewModel.swift */ = {isa = PBXFileReference; fileEncoding = 4; lastKnownFileType = sourcecode.swift; path = ListarAmigosCustomCellViewModel.swift; sourceTree = "<group>"; };
		C02B5040284BB87400888A1C /* ListarAmigosParaAdocaoViewController.swift */ = {isa = PBXFileReference; fileEncoding = 4; lastKnownFileType = sourcecode.swift; path = ListarAmigosParaAdocaoViewController.swift; sourceTree = "<group>"; };
		C02B5041284BB87400888A1C /* ListarAmigosViewModel.swift */ = {isa = PBXFileReference; fileEncoding = 4; lastKnownFileType = sourcecode.swift; path = ListarAmigosViewModel.swift; sourceTree = "<group>"; };
		C02B5042284BB87400888A1C /* ListarAmigosService.swift */ = {isa = PBXFileReference; fileEncoding = 4; lastKnownFileType = sourcecode.swift; path = ListarAmigosService.swift; sourceTree = "<group>"; };
		C02B5043284BB87400888A1C /* ListarAmigosClient.swift */ = {isa = PBXFileReference; fileEncoding = 4; lastKnownFileType = sourcecode.swift; path = ListarAmigosClient.swift; sourceTree = "<group>"; };
		C0DB990C283FE3EA000ABDA3 /* AdoCao.app */ = {isa = PBXFileReference; explicitFileType = wrapper.application; includeInIndex = 0; path = AdoCao.app; sourceTree = BUILT_PRODUCTS_DIR; };
		C0DB990F283FE3EA000ABDA3 /* AppDelegate.swift */ = {isa = PBXFileReference; lastKnownFileType = sourcecode.swift; path = AppDelegate.swift; sourceTree = "<group>"; };
		C0DB9911283FE3EA000ABDA3 /* SceneDelegate.swift */ = {isa = PBXFileReference; lastKnownFileType = sourcecode.swift; path = SceneDelegate.swift; sourceTree = "<group>"; };
		C0DB9913283FE3EA000ABDA3 /* ViewController.swift */ = {isa = PBXFileReference; lastKnownFileType = sourcecode.swift; path = ViewController.swift; sourceTree = "<group>"; };
		C0DB9916283FE3EA000ABDA3 /* Base */ = {isa = PBXFileReference; lastKnownFileType = file.storyboard; name = Base; path = Base.lproj/Main.storyboard; sourceTree = "<group>"; };
		C0DB9918283FE3EB000ABDA3 /* Assets.xcassets */ = {isa = PBXFileReference; lastKnownFileType = folder.assetcatalog; path = Assets.xcassets; sourceTree = "<group>"; };
		C0DB991B283FE3EB000ABDA3 /* Base */ = {isa = PBXFileReference; lastKnownFileType = file.storyboard; name = Base; path = Base.lproj/LaunchScreen.storyboard; sourceTree = "<group>"; };
		C0DB991D283FE3EB000ABDA3 /* Info.plist */ = {isa = PBXFileReference; lastKnownFileType = text.plist.xml; path = Info.plist; sourceTree = "<group>"; };
		ED28F058284EDB940012E298 /* CadastrarAmigoViewController.swift */ = {isa = PBXFileReference; lastKnownFileType = sourcecode.swift; path = CadastrarAmigoViewController.swift; sourceTree = "<group>"; };
/* End PBXFileReference section */

/* Begin PBXFrameworksBuildPhase section */
		C0DB9909283FE3EA000ABDA3 /* Frameworks */ = {
			isa = PBXFrameworksBuildPhase;
			buildActionMask = 2147483647;
			files = (
			);
			runOnlyForDeploymentPostprocessing = 0;
		};
/* End PBXFrameworksBuildPhase section */

/* Begin PBXGroup section */
		6D662946284D7D6E00D4195F /* Model */ = {
			isa = PBXGroup;
			children = (
				6D662940284D719600D4195F /* Usuario.swift */,
				6D662942284D732A00D4195F /* Amigo.swift */,
				6D662944284D73D600D4195F /* Raca.swift */,
			);
			path = Model;
			sourceTree = "<group>";
		};
		6D662947284D7D8200D4195F /* View */ = {
			isa = PBXGroup;
			children = (
				6D66293C284D6B8100D4195F /* DetalhesUsuarioViewController.swift */,
				6D66298928500C8A00D4195F /* RacaViewController.swift */,
				6D66298F2850177C00D4195F /* AndreDetalhesRacaViewController.swift */,
			);
			path = View;
			sourceTree = "<group>";
		};
		6D662948284D7D8B00D4195F /* ViewModel */ = {
			isa = PBXGroup;
			children = (
				6D66293E284D6BAC00D4195F /* DetalhesUsuarioViewModel.swift */,
				6D66298B28500FE900D4195F /* RacasViewModel.swift */,
				6D66298D285015AD00D4195F /* AndreDetalhesRacaViewModel.swift */,
			);
			path = ViewModel;
			sourceTree = "<group>";
		};
		C0DB9903283FE3EA000ABDA3 = {
			isa = PBXGroup;
			children = (
				C0DB990E283FE3EA000ABDA3 /* AdoCao */,
				C0DB990D283FE3EA000ABDA3 /* Products */,
			);
			sourceTree = "<group>";
		};
		C0DB990D283FE3EA000ABDA3 /* Products */ = {
			isa = PBXGroup;
			children = (
				C0DB990C283FE3EA000ABDA3 /* AdoCao.app */,
			);
			name = Products;
			sourceTree = "<group>";
		};
		C0DB990E283FE3EA000ABDA3 /* AdoCao */ = {
			isa = PBXGroup;
			children = (
				6D662948284D7D8B00D4195F /* ViewModel */,
				6D662947284D7D8200D4195F /* View */,
				6D662946284D7D6E00D4195F /* Model */,
				C0DB990F283FE3EA000ABDA3 /* AppDelegate.swift */,
				C0DB9911283FE3EA000ABDA3 /* SceneDelegate.swift */,
				C0DB9913283FE3EA000ABDA3 /* ViewController.swift */,
				C0DB9915283FE3EA000ABDA3 /* Main.storyboard */,
				C0DB9918283FE3EB000ABDA3 /* Assets.xcassets */,
				C0DB991A283FE3EB000ABDA3 /* LaunchScreen.storyboard */,
				C0DB991D283FE3EB000ABDA3 /* Info.plist */,
				49D71285284E827200C42519 /* LoginViewController.swift */,
				49D71287284E828700C42519 /* RegisterViewController.swift */,
				C02B5043284BB87400888A1C /* ListarAmigosClient.swift */,
				C02B503E284BB87400888A1C /* ListarAmigosCustomCell.swift */,
				C02B503F284BB87400888A1C /* ListarAmigosCustomCellViewModel.swift */,
				C02B5040284BB87400888A1C /* ListarAmigosParaAdocaoViewController.swift */,
				C02B5042284BB87400888A1C /* ListarAmigosService.swift */,
				C02B5041284BB87400888A1C /* ListarAmigosViewModel.swift */,
				6D662949284D7F9500D4195F /* Database.swift */,
				ED28F058284EDB940012E298 /* CadastrarAmigoViewController.swift */,
			);
			path = AdoCao;
			sourceTree = "<group>";
		};
/* End PBXGroup section */

/* Begin PBXNativeTarget section */
		C0DB990B283FE3EA000ABDA3 /* AdoCao */ = {
			isa = PBXNativeTarget;
			buildConfigurationList = C0DB9920283FE3EB000ABDA3 /* Build configuration list for PBXNativeTarget "AdoCao" */;
			buildPhases = (
				C0DB9908283FE3EA000ABDA3 /* Sources */,
				C0DB9909283FE3EA000ABDA3 /* Frameworks */,
				C0DB990A283FE3EA000ABDA3 /* Resources */,
			);
			buildRules = (
			);
			dependencies = (
			);
			name = AdoCao;
			productName = AdoCao;
			productReference = C0DB990C283FE3EA000ABDA3 /* AdoCao.app */;
			productType = "com.apple.product-type.application";
		};
/* End PBXNativeTarget section */

/* Begin PBXProject section */
		C0DB9904283FE3EA000ABDA3 /* Project object */ = {
			isa = PBXProject;
			attributes = {
				BuildIndependentTargetsInParallel = 1;
				LastSwiftUpdateCheck = 1330;
				LastUpgradeCheck = 1330;
				TargetAttributes = {
					C0DB990B283FE3EA000ABDA3 = {
						CreatedOnToolsVersion = 13.3;
					};
				};
			};
			buildConfigurationList = C0DB9907283FE3EA000ABDA3 /* Build configuration list for PBXProject "AdoCao" */;
			compatibilityVersion = "Xcode 13.0";
			developmentRegion = en;
			hasScannedForEncodings = 0;
			knownRegions = (
				en,
				Base,
			);
			mainGroup = C0DB9903283FE3EA000ABDA3;
			productRefGroup = C0DB990D283FE3EA000ABDA3 /* Products */;
			projectDirPath = "";
			projectRoot = "";
			targets = (
				C0DB990B283FE3EA000ABDA3 /* AdoCao */,
			);
		};
/* End PBXProject section */

/* Begin PBXResourcesBuildPhase section */
		C0DB990A283FE3EA000ABDA3 /* Resources */ = {
			isa = PBXResourcesBuildPhase;
			buildActionMask = 2147483647;
			files = (
				C0DB991C283FE3EB000ABDA3 /* LaunchScreen.storyboard in Resources */,
				C0DB9919283FE3EB000ABDA3 /* Assets.xcassets in Resources */,
				C0DB9917283FE3EA000ABDA3 /* Main.storyboard in Resources */,
			);
			runOnlyForDeploymentPostprocessing = 0;
		};
/* End PBXResourcesBuildPhase section */

/* Begin PBXSourcesBuildPhase section */
		C0DB9908283FE3EA000ABDA3 /* Sources */ = {
			isa = PBXSourcesBuildPhase;
			buildActionMask = 2147483647;
			files = (
				C0DB9914283FE3EA000ABDA3 /* ViewController.swift in Sources */,
				49D71288284E828700C42519 /* RegisterViewController.swift in Sources */,
				C02B5044284BB87400888A1C /* ListarAmigosCustomCell.swift in Sources */,
				6D66298E285015AD00D4195F /* AndreDetalhesRacaViewModel.swift in Sources */,
				C0DB9910283FE3EA000ABDA3 /* AppDelegate.swift in Sources */,
				6D66294A284D7F9500D4195F /* Database.swift in Sources */,
				C02B5045284BB87400888A1C /* ListarAmigosCustomCellViewModel.swift in Sources */,
				C02B5049284BB87400888A1C /* ListarAmigosClient.swift in Sources */,
				6D66298C28500FE900D4195F /* RacasViewModel.swift in Sources */,
				C02B5048284BB87400888A1C /* ListarAmigosService.swift in Sources */,
				6D662945284D73D600D4195F /* Raca.swift in Sources */,
				6D66293F284D6BAC00D4195F /* DetalhesUsuarioViewModel.swift in Sources */,
				C02B5046284BB87400888A1C /* ListarAmigosParaAdocaoViewController.swift in Sources */,
				6D662941284D719600D4195F /* Usuario.swift in Sources */,
				ED28F059284EDB940012E298 /* CadastrarAmigoViewController.swift in Sources */,
				6D66293D284D6B8100D4195F /* DetalhesUsuarioViewController.swift in Sources */,
				6D6629902850177C00D4195F /* AndreDetalhesRacaViewController.swift in Sources */,
				C02B5047284BB87400888A1C /* ListarAmigosViewModel.swift in Sources */,
				49D71286284E827200C42519 /* LoginViewController.swift in Sources */,
				6D66298A28500C8C00D4195F /* RacaViewController.swift in Sources */,
				C0DB9912283FE3EA000ABDA3 /* SceneDelegate.swift in Sources */,
				6D662943284D732A00D4195F /* Amigo.swift in Sources */,
			);
			runOnlyForDeploymentPostprocessing = 0;
		};
/* End PBXSourcesBuildPhase section */

/* Begin PBXVariantGroup section */
		C0DB9915283FE3EA000ABDA3 /* Main.storyboard */ = {
			isa = PBXVariantGroup;
			children = (
				C0DB9916283FE3EA000ABDA3 /* Base */,
			);
			name = Main.storyboard;
			sourceTree = "<group>";
		};
		C0DB991A283FE3EB000ABDA3 /* LaunchScreen.storyboard */ = {
			isa = PBXVariantGroup;
			children = (
				C0DB991B283FE3EB000ABDA3 /* Base */,
			);
			name = LaunchScreen.storyboard;
			sourceTree = "<group>";
		};
/* End PBXVariantGroup section */

/* Begin XCBuildConfiguration section */
		C0DB991E283FE3EB000ABDA3 /* Debug */ = {
			isa = XCBuildConfiguration;
			buildSettings = {
				ALWAYS_SEARCH_USER_PATHS = NO;
				CLANG_ANALYZER_NONNULL = YES;
				CLANG_ANALYZER_NUMBER_OBJECT_CONVERSION = YES_AGGRESSIVE;
				CLANG_CXX_LANGUAGE_STANDARD = "gnu++17";
				CLANG_ENABLE_MODULES = YES;
				CLANG_ENABLE_OBJC_ARC = YES;
				CLANG_ENABLE_OBJC_WEAK = YES;
				CLANG_WARN_BLOCK_CAPTURE_AUTORELEASING = YES;
				CLANG_WARN_BOOL_CONVERSION = YES;
				CLANG_WARN_COMMA = YES;
				CLANG_WARN_CONSTANT_CONVERSION = YES;
				CLANG_WARN_DEPRECATED_OBJC_IMPLEMENTATIONS = YES;
				CLANG_WARN_DIRECT_OBJC_ISA_USAGE = YES_ERROR;
				CLANG_WARN_DOCUMENTATION_COMMENTS = YES;
				CLANG_WARN_EMPTY_BODY = YES;
				CLANG_WARN_ENUM_CONVERSION = YES;
				CLANG_WARN_INFINITE_RECURSION = YES;
				CLANG_WARN_INT_CONVERSION = YES;
				CLANG_WARN_NON_LITERAL_NULL_CONVERSION = YES;
				CLANG_WARN_OBJC_IMPLICIT_RETAIN_SELF = YES;
				CLANG_WARN_OBJC_LITERAL_CONVERSION = YES;
				CLANG_WARN_OBJC_ROOT_CLASS = YES_ERROR;
				CLANG_WARN_QUOTED_INCLUDE_IN_FRAMEWORK_HEADER = YES;
				CLANG_WARN_RANGE_LOOP_ANALYSIS = YES;
				CLANG_WARN_STRICT_PROTOTYPES = YES;
				CLANG_WARN_SUSPICIOUS_MOVE = YES;
				CLANG_WARN_UNGUARDED_AVAILABILITY = YES_AGGRESSIVE;
				CLANG_WARN_UNREACHABLE_CODE = YES;
				CLANG_WARN__DUPLICATE_METHOD_MATCH = YES;
				COPY_PHASE_STRIP = NO;
				DEBUG_INFORMATION_FORMAT = dwarf;
				ENABLE_STRICT_OBJC_MSGSEND = YES;
				ENABLE_TESTABILITY = YES;
				GCC_C_LANGUAGE_STANDARD = gnu11;
				GCC_DYNAMIC_NO_PIC = NO;
				GCC_NO_COMMON_BLOCKS = YES;
				GCC_OPTIMIZATION_LEVEL = 0;
				GCC_PREPROCESSOR_DEFINITIONS = (
					"DEBUG=1",
					"$(inherited)",
				);
				GCC_WARN_64_TO_32_BIT_CONVERSION = YES;
				GCC_WARN_ABOUT_RETURN_TYPE = YES_ERROR;
				GCC_WARN_UNDECLARED_SELECTOR = YES;
				GCC_WARN_UNINITIALIZED_AUTOS = YES_AGGRESSIVE;
				GCC_WARN_UNUSED_FUNCTION = YES;
				GCC_WARN_UNUSED_VARIABLE = YES;
				IPHONEOS_DEPLOYMENT_TARGET = 15.4;
				MTL_ENABLE_DEBUG_INFO = INCLUDE_SOURCE;
				MTL_FAST_MATH = YES;
				ONLY_ACTIVE_ARCH = YES;
				SDKROOT = iphoneos;
				SWIFT_ACTIVE_COMPILATION_CONDITIONS = DEBUG;
				SWIFT_OPTIMIZATION_LEVEL = "-Onone";
			};
			name = Debug;
		};
		C0DB991F283FE3EB000ABDA3 /* Release */ = {
			isa = XCBuildConfiguration;
			buildSettings = {
				ALWAYS_SEARCH_USER_PATHS = NO;
				CLANG_ANALYZER_NONNULL = YES;
				CLANG_ANALYZER_NUMBER_OBJECT_CONVERSION = YES_AGGRESSIVE;
				CLANG_CXX_LANGUAGE_STANDARD = "gnu++17";
				CLANG_ENABLE_MODULES = YES;
				CLANG_ENABLE_OBJC_ARC = YES;
				CLANG_ENABLE_OBJC_WEAK = YES;
				CLANG_WARN_BLOCK_CAPTURE_AUTORELEASING = YES;
				CLANG_WARN_BOOL_CONVERSION = YES;
				CLANG_WARN_COMMA = YES;
				CLANG_WARN_CONSTANT_CONVERSION = YES;
				CLANG_WARN_DEPRECATED_OBJC_IMPLEMENTATIONS = YES;
				CLANG_WARN_DIRECT_OBJC_ISA_USAGE = YES_ERROR;
				CLANG_WARN_DOCUMENTATION_COMMENTS = YES;
				CLANG_WARN_EMPTY_BODY = YES;
				CLANG_WARN_ENUM_CONVERSION = YES;
				CLANG_WARN_INFINITE_RECURSION = YES;
				CLANG_WARN_INT_CONVERSION = YES;
				CLANG_WARN_NON_LITERAL_NULL_CONVERSION = YES;
				CLANG_WARN_OBJC_IMPLICIT_RETAIN_SELF = YES;
				CLANG_WARN_OBJC_LITERAL_CONVERSION = YES;
				CLANG_WARN_OBJC_ROOT_CLASS = YES_ERROR;
				CLANG_WARN_QUOTED_INCLUDE_IN_FRAMEWORK_HEADER = YES;
				CLANG_WARN_RANGE_LOOP_ANALYSIS = YES;
				CLANG_WARN_STRICT_PROTOTYPES = YES;
				CLANG_WARN_SUSPICIOUS_MOVE = YES;
				CLANG_WARN_UNGUARDED_AVAILABILITY = YES_AGGRESSIVE;
				CLANG_WARN_UNREACHABLE_CODE = YES;
				CLANG_WARN__DUPLICATE_METHOD_MATCH = YES;
				COPY_PHASE_STRIP = NO;
				DEBUG_INFORMATION_FORMAT = "dwarf-with-dsym";
				ENABLE_NS_ASSERTIONS = NO;
				ENABLE_STRICT_OBJC_MSGSEND = YES;
				GCC_C_LANGUAGE_STANDARD = gnu11;
				GCC_NO_COMMON_BLOCKS = YES;
				GCC_WARN_64_TO_32_BIT_CONVERSION = YES;
				GCC_WARN_ABOUT_RETURN_TYPE = YES_ERROR;
				GCC_WARN_UNDECLARED_SELECTOR = YES;
				GCC_WARN_UNINITIALIZED_AUTOS = YES_AGGRESSIVE;
				GCC_WARN_UNUSED_FUNCTION = YES;
				GCC_WARN_UNUSED_VARIABLE = YES;
				IPHONEOS_DEPLOYMENT_TARGET = 15.4;
				MTL_ENABLE_DEBUG_INFO = NO;
				MTL_FAST_MATH = YES;
				SDKROOT = iphoneos;
				SWIFT_COMPILATION_MODE = wholemodule;
				SWIFT_OPTIMIZATION_LEVEL = "-O";
				VALIDATE_PRODUCT = YES;
			};
			name = Release;
		};
		C0DB9921283FE3EB000ABDA3 /* Debug */ = {
			isa = XCBuildConfiguration;
			buildSettings = {
				ASSETCATALOG_COMPILER_APPICON_NAME = AppIcon;
				ASSETCATALOG_COMPILER_GLOBAL_ACCENT_COLOR_NAME = AccentColor;
				CODE_SIGN_STYLE = Automatic;
				CURRENT_PROJECT_VERSION = 1;
				GENERATE_INFOPLIST_FILE = YES;
				INFOPLIST_FILE = AdoCao/Info.plist;
				INFOPLIST_KEY_UIApplicationSupportsIndirectInputEvents = YES;
				INFOPLIST_KEY_UILaunchStoryboardName = LaunchScreen;
				INFOPLIST_KEY_UIMainStoryboardFile = Main;
				INFOPLIST_KEY_UISupportedInterfaceOrientations_iPad = "UIInterfaceOrientationPortrait UIInterfaceOrientationPortraitUpsideDown UIInterfaceOrientationLandscapeLeft UIInterfaceOrientationLandscapeRight";
				INFOPLIST_KEY_UISupportedInterfaceOrientations_iPhone = "UIInterfaceOrientationPortrait UIInterfaceOrientationLandscapeLeft UIInterfaceOrientationLandscapeRight";
				LD_RUNPATH_SEARCH_PATHS = (
					"$(inherited)",
					"@executable_path/Frameworks",
				);
				MARKETING_VERSION = 1.0;
				PRODUCT_BUNDLE_IDENTIFIER = desafiotableview.AdoCao;
				PRODUCT_NAME = "$(TARGET_NAME)";
				SWIFT_EMIT_LOC_STRINGS = YES;
				SWIFT_VERSION = 5.0;
				TARGETED_DEVICE_FAMILY = "1,2";
			};
			name = Debug;
		};
		C0DB9922283FE3EB000ABDA3 /* Release */ = {
			isa = XCBuildConfiguration;
			buildSettings = {
				ASSETCATALOG_COMPILER_APPICON_NAME = AppIcon;
				ASSETCATALOG_COMPILER_GLOBAL_ACCENT_COLOR_NAME = AccentColor;
				CODE_SIGN_STYLE = Automatic;
				CURRENT_PROJECT_VERSION = 1;
				GENERATE_INFOPLIST_FILE = YES;
				INFOPLIST_FILE = AdoCao/Info.plist;
				INFOPLIST_KEY_UIApplicationSupportsIndirectInputEvents = YES;
				INFOPLIST_KEY_UILaunchStoryboardName = LaunchScreen;
				INFOPLIST_KEY_UIMainStoryboardFile = Main;
				INFOPLIST_KEY_UISupportedInterfaceOrientations_iPad = "UIInterfaceOrientationPortrait UIInterfaceOrientationPortraitUpsideDown UIInterfaceOrientationLandscapeLeft UIInterfaceOrientationLandscapeRight";
				INFOPLIST_KEY_UISupportedInterfaceOrientations_iPhone = "UIInterfaceOrientationPortrait UIInterfaceOrientationLandscapeLeft UIInterfaceOrientationLandscapeRight";
				LD_RUNPATH_SEARCH_PATHS = (
					"$(inherited)",
					"@executable_path/Frameworks",
				);
				MARKETING_VERSION = 1.0;
				PRODUCT_BUNDLE_IDENTIFIER = desafiotableview.AdoCao;
				PRODUCT_NAME = "$(TARGET_NAME)";
				SWIFT_EMIT_LOC_STRINGS = YES;
				SWIFT_VERSION = 5.0;
				TARGETED_DEVICE_FAMILY = "1,2";
			};
			name = Release;
		};
/* End XCBuildConfiguration section */

/* Begin XCConfigurationList section */
		C0DB9907283FE3EA000ABDA3 /* Build configuration list for PBXProject "AdoCao" */ = {
			isa = XCConfigurationList;
			buildConfigurations = (
				C0DB991E283FE3EB000ABDA3 /* Debug */,
				C0DB991F283FE3EB000ABDA3 /* Release */,
			);
			defaultConfigurationIsVisible = 0;
			defaultConfigurationName = Release;
		};
		C0DB9920283FE3EB000ABDA3 /* Build configuration list for PBXNativeTarget "AdoCao" */ = {
			isa = XCConfigurationList;
			buildConfigurations = (
				C0DB9921283FE3EB000ABDA3 /* Debug */,
				C0DB9922283FE3EB000ABDA3 /* Release */,
			);
			defaultConfigurationIsVisible = 0;
			defaultConfigurationName = Release;
		};
/* End XCConfigurationList section */
	};
	rootObject = C0DB9904283FE3EA000ABDA3 /* Project object */;
}
